{
  "pins" : [
    {
      "identity" : "cachedasyncimage991",
      "kind" : "remoteSourceControl",
      "location" : "https://github.com/OlegEremenko991/CachedAsyncImage991",
      "state" : {
        "revision" : "669e2da9937af86e10edd8104a456dfd5c68305b",
        "version" : "1.0.7"
      }
    },
    {
      "identity" : "feedbacksender",
      "kind" : "remoteSourceControl",
      "location" : "https://github.com/OlegEremenko991/FeedbackSender",
      "state" : {
        "revision" : "106d7e5c459d8ea0d622b4630110726552280345",
        "version" : "1.0.2"
      }
    },
    {
      "identity" : "filemanager991",
      "kind" : "remoteSourceControl",
      "location" : "https://github.com/OlegEremenko991/FileManager991",
      "state" : {
        "revision" : "a38b182671ed73139d76082ecd776981065e4cc1",
        "version" : "1.0.0"
      }
    },
    {
      "identity" : "imagepicker",
      "kind" : "remoteSourceControl",
      "location" : "https://github.com/OlegEremenko991/ImagePicker",
      "state" : {
        "revision" : "1d13b1c0cce41940ef01e3111d90a4440cf14ac8",
        "version" : "1.0.5"
      }
    },
    {
      "identity" : "mapview991",
      "kind" : "remoteSourceControl",
      "location" : "https://github.com/OlegEremenko991/MapView991",
      "state" : {
        "revision" : "e006bdd1f01909bcdd100ec05129bf95d04f052e",
        "version" : "1.0.0"
      }
    },
    {
      "identity" : "networkstatus",
      "kind" : "remoteSourceControl",
      "location" : "https://github.com/OlegEremenko991/NetworkStatus",
      "state" : {
        "revision" : "984f816f89b23d77cc90f16162370df666c8ed4d",
        "version" : "1.0.0"
      }
    },
    {
      "identity" : "swdesignsystem",
      "kind" : "remoteSourceControl",
      "location" : "https://github.com/OlegEremenko991/SWDesignSystem",
      "state" : {
        "revision" : "685a3e6ac38763c2edf16fd6d0419410449bbf2a",
        "version" : "1.2.0"
      }
    }
  ],
  "version" : 2
}
