{
  "pins" : [
    {
      "identity" : "feedbacksender",
      "kind" : "remoteSourceControl",
      "location" : "https://github.com/OlegEremenko991/FeedbackSender",
      "state" : {
        "revision" : "7e1a70b3df04d1d79d1a3fe1512572f916a22b7a",
        "version" : "1.0.0"
      }
    },
    {
      "identity" : "imagepicker",
      "kind" : "remoteSourceControl",
      "location" : "https://github.com/OlegEremenko991/ImagePicker",
      "state" : {
        "revision" : "576294b2a2d5bf653fdbae3f369a9951d4d347b5",
        "version" : "1.0.3"
      }
    }
  ],
  "version" : 2
}
