// !$*UTF8*$!
{
	archiveVersion = 1;
	classes = {
	};
	objectVersion = 55;
	objects = {

/* Begin PBXBuildFile section */
		670431512964544D0090CAC3 /* FeedbackSender in Frameworks */ = {isa = PBXBuildFile; productRef = 670431502964544D0090CAC3 /* FeedbackSender */; };
		6705E7EE283B703400DABCC8 /* JournalSettingsView.swift in Sources */ = {isa = PBXBuildFile; fileRef = 6705E7ED283B703400DABCC8 /* JournalSettingsView.swift */; };
		670CA19E280E8F09003914A3 /* SettingsView.swift in Sources */ = {isa = PBXBuildFile; fileRef = 670CA19D280E8F09003914A3 /* SettingsView.swift */; };
		67138D87297311BD00BBF450 /* WorkoutAppUITests.swift in Sources */ = {isa = PBXBuildFile; fileRef = 67138D86297311BD00BBF450 /* WorkoutAppUITests.swift */; };
		67138D90297323AE00BBF450 /* SnapshotHelper.swift in Sources */ = {isa = PBXBuildFile; fileRef = 67138D8F297323AE00BBF450 /* SnapshotHelper.swift */; };
		67138D922974851F00BBF450 /* XCUIElement+.swift in Sources */ = {isa = PBXBuildFile; fileRef = 67138D912974851F00BBF450 /* XCUIElement+.swift */; };
		67138D942974854F00BBF450 /* XCTestCase+.swift in Sources */ = {isa = PBXBuildFile; fileRef = 67138D932974854F00BBF450 /* XCTestCase+.swift */; };
		671CD13929A2904200645678 /* SWModels in Frameworks */ = {isa = PBXBuildFile; productRef = 671CD13829A2904200645678 /* SWModels */; };
		671D7DEC28210D2F0068E728 /* EmptyContentView.swift in Sources */ = {isa = PBXBuildFile; fileRef = 671D7DEB28210D2F0068E728 /* EmptyContentView.swift */; };
		672F2BE32832BC7C0000A193 /* oldEvents.json in Resources */ = {isa = PBXBuildFile; fileRef = 672F2BE22832BC7C0000A193 /* oldEvents.json */; };
		6734D39429BC69580000B5B1 /* DesignSystem in Frameworks */ = {isa = PBXBuildFile; productRef = 6734D39329BC69580000B5B1 /* DesignSystem */; };
		67419ACF282E70B9004F5339 /* SportsGroundsListView.swift in Sources */ = {isa = PBXBuildFile; fileRef = 67419ACE282E70B9004F5339 /* SportsGroundsListView.swift */; };
		6747575628113419002F0A24 /* ChangePasswordView.swift in Sources */ = {isa = PBXBuildFile; fileRef = 6747575528113419002F0A24 /* ChangePasswordView.swift */; };
		6747575928128603002F0A24 /* SportsGroundDetailView.swift in Sources */ = {isa = PBXBuildFile; fileRef = 6747575828128603002F0A24 /* SportsGroundDetailView.swift */; };
		674D061B28280A63007E75C6 /* FriendRequestsView.swift in Sources */ = {isa = PBXBuildFile; fileRef = 674D061A28280A63007E75C6 /* FriendRequestsView.swift */; };
		674D0623282A9896007E75C6 /* SearchUsersView.swift in Sources */ = {isa = PBXBuildFile; fileRef = 674D0622282A9896007E75C6 /* SearchUsersView.swift */; };
		675083AD297C0A60008D8C52 /* ShortAddressServiceTests.swift in Sources */ = {isa = PBXBuildFile; fileRef = 675083AC297C0A60008D8C52 /* ShortAddressServiceTests.swift */; };
		67515699283FEC3100501346 /* PickedImagesGrid.swift in Sources */ = {isa = PBXBuildFile; fileRef = 67515698283FEC3100501346 /* PickedImagesGrid.swift */; };
		6758463B2965B0F6000BA5E0 /* UIImage+Identifiable.swift in Sources */ = {isa = PBXBuildFile; fileRef = 6758463A2965B0F6000BA5E0 /* UIImage+Identifiable.swift */; };
		6758463F2965B7F2000BA5E0 /* ImageDetailView.swift in Sources */ = {isa = PBXBuildFile; fileRef = 6758463E2965B7F2000BA5E0 /* ImageDetailView.swift */; };
		675A370A2854810B00DAE071 /* Utils in Frameworks */ = {isa = PBXBuildFile; productRef = 675A37092854810B00DAE071 /* Utils */; };
		675E5618297D21D400B4981A /* Array+.swift in Sources */ = {isa = PBXBuildFile; fileRef = 675E5617297D21D400B4981A /* Array+.swift */; };
		675EC64F2814126800C2E229 /* TextEntryView.swift in Sources */ = {isa = PBXBuildFile; fileRef = 675EC64E2814126800C2E229 /* TextEntryView.swift */; };
		675EC653281445E500C2E229 /* MapViewUI.swift in Sources */ = {isa = PBXBuildFile; fileRef = 675EC652281445E500C2E229 /* MapViewUI.swift */; };
		675EC6572815433600C2E229 /* UsersListView.swift in Sources */ = {isa = PBXBuildFile; fileRef = 675EC6562815433600C2E229 /* UsersListView.swift */; };
		675EC65F2815532800C2E229 /* EventFormView.swift in Sources */ = {isa = PBXBuildFile; fileRef = 675EC65E2815532800C2E229 /* EventFormView.swift */; };
		675EC6632815AA4A00C2E229 /* MapSnapshotView.swift in Sources */ = {isa = PBXBuildFile; fileRef = 675EC6622815AA4A00C2E229 /* MapSnapshotView.swift */; };
		67627750283A3A54009C203F /* JournalsListView.swift in Sources */ = {isa = PBXBuildFile; fileRef = 6762774F283A3A54009C203F /* JournalsListView.swift */; };
		67627755283A4C77009C203F /* JournalEntriesList.swift in Sources */ = {isa = PBXBuildFile; fileRef = 67627754283A4C77009C203F /* JournalEntriesList.swift */; };
		6762775B283A87AD009C203F /* JournalCell.swift in Sources */ = {isa = PBXBuildFile; fileRef = 6762775A283A87AD009C203F /* JournalCell.swift */; };
		6766A036284603CA0033F1E8 /* TabViewModel.swift in Sources */ = {isa = PBXBuildFile; fileRef = 6766A035284603CA0033F1E8 /* TabViewModel.swift */; };
		6773111A2965FFAA003CD13A /* PreviewContent.swift in Sources */ = {isa = PBXBuildFile; fileRef = 677311192965FFAA003CD13A /* PreviewContent.swift */; };
		67891E38283E947B00B10802 /* SportsGroundFormView.swift in Sources */ = {isa = PBXBuildFile; fileRef = 67891E37283E947B00B10802 /* SportsGroundFormView.swift */; };
		678E3B1C2ACDEFFA00977EEC /* SWNetworkClient in Frameworks */ = {isa = PBXBuildFile; productRef = 678E3B1B2ACDEFFA00977EEC /* SWNetworkClient */; };
		6798AA3E280AEDC900DB76F1 /* SwiftUI_WorkoutAppApp.swift in Sources */ = {isa = PBXBuildFile; fileRef = 6798AA3D280AEDC900DB76F1 /* SwiftUI_WorkoutAppApp.swift */; };
		6798AA40280AEDC900DB76F1 /* RootView.swift in Sources */ = {isa = PBXBuildFile; fileRef = 6798AA3F280AEDC900DB76F1 /* RootView.swift */; };
		6798AA42280AEDCA00DB76F1 /* Assets.xcassets in Resources */ = {isa = PBXBuildFile; fileRef = 6798AA41280AEDCA00DB76F1 /* Assets.xcassets */; };
		6798AA45280AEDCA00DB76F1 /* Preview Assets.xcassets in Resources */ = {isa = PBXBuildFile; fileRef = 6798AA44280AEDCA00DB76F1 /* Preview Assets.xcassets */; };
		6798AA4C280AF1C200DB76F1 /* LaunchScreen.storyboard in Resources */ = {isa = PBXBuildFile; fileRef = 6798AA4B280AF1C200DB76F1 /* LaunchScreen.storyboard */; };
		6798AA53280AF43900DB76F1 /* EventsListView.swift in Sources */ = {isa = PBXBuildFile; fileRef = 6798AA52280AF43900DB76F1 /* EventsListView.swift */; };
		6798AA55280AF46300DB76F1 /* DialogsScreen.swift in Sources */ = {isa = PBXBuildFile; fileRef = 6798AA54280AF46300DB76F1 /* DialogsScreen.swift */; };
		6798AA57280AF48C00DB76F1 /* JournalsScreen.swift in Sources */ = {isa = PBXBuildFile; fileRef = 6798AA56280AF48C00DB76F1 /* JournalsScreen.swift */; };
		6798AA59280AF4B100DB76F1 /* SportsGroundsMapView.swift in Sources */ = {isa = PBXBuildFile; fileRef = 6798AA58280AF4B100DB76F1 /* SportsGroundsMapView.swift */; };
		6798AA5B280AF4C700DB76F1 /* ProfileScreen.swift in Sources */ = {isa = PBXBuildFile; fileRef = 6798AA5A280AF4C700DB76F1 /* ProfileScreen.swift */; };
		6798AA66280B232F00DB76F1 /* IncognitoProfileView.swift in Sources */ = {isa = PBXBuildFile; fileRef = 6798AA65280B232F00DB76F1 /* IncognitoProfileView.swift */; };
		6798AA68280B23B700DB76F1 /* UserDetailsView.swift in Sources */ = {isa = PBXBuildFile; fileRef = 6798AA67280B23B700DB76F1 /* UserDetailsView.swift */; };
		6798AA73280B43FE00DB76F1 /* LoginView.swift in Sources */ = {isa = PBXBuildFile; fileRef = 6798AA72280B43FE00DB76F1 /* LoginView.swift */; };
		6798AA79280BE8E200DB76F1 /* countries.json in Resources */ = {isa = PBXBuildFile; fileRef = 6798AA75280BE8E200DB76F1 /* countries.json */; };
		6798AA7B280BE8E200DB76F1 /* oldSportsGrounds.json in Resources */ = {isa = PBXBuildFile; fileRef = 6798AA77280BE8E200DB76F1 /* oldSportsGrounds.json */; };
		6798AA84280C0F7D00DB76F1 /* EditAccountScreen.swift in Sources */ = {isa = PBXBuildFile; fileRef = 6798AA83280C0F7D00DB76F1 /* EditAccountScreen.swift */; };
		679F3B03296841DD00BB3590 /* URLOpener.swift in Sources */ = {isa = PBXBuildFile; fileRef = 679F3B02296841DD00BB3590 /* URLOpener.swift */; };
		679F3B072969D4E200BB3590 /* IncognitoUserButton.swift in Sources */ = {isa = PBXBuildFile; fileRef = 679F3B062969D4E200BB3590 /* IncognitoUserButton.swift */; };
		67A079F22A758E7D005EAF70 /* PickedPhotoView.swift in Sources */ = {isa = PBXBuildFile; fileRef = 67A079F12A758E7D005EAF70 /* PickedPhotoView.swift */; };
		67A64A242AC83A0F00CBDD5F /* Localizable.xcstrings in Resources */ = {isa = PBXBuildFile; fileRef = 67A64A232AC83A0F00CBDD5F /* Localizable.xcstrings */; };
		67A9C90828427DEA005D6A36 /* SportsGroundFilterView.swift in Sources */ = {isa = PBXBuildFile; fileRef = 67A9C90728427DEA005D6A36 /* SportsGroundFilterView.swift */; };
		67B371732A640079000FF143 /* AppThemeService.swift in Sources */ = {isa = PBXBuildFile; fileRef = 67B371722A640079000FF143 /* AppThemeService.swift */; };
		67B78712281D654C008B104F /* DefaultsService.swift in Sources */ = {isa = PBXBuildFile; fileRef = 67B78711281D654C008B104F /* DefaultsService.swift */; };
		67B78716281D8006008B104F /* SportsGroundsMapViewModel.swift in Sources */ = {isa = PBXBuildFile; fileRef = 67B78715281D8006008B104F /* SportsGroundsMapViewModel.swift */; };
		67BAF3F428361BC400DB40D9 /* PhotoSectionView.swift in Sources */ = {isa = PBXBuildFile; fileRef = 67BAF3F328361BC400DB40D9 /* PhotoSectionView.swift */; };
		67BAF3F6283620ED00DB40D9 /* SportsGroundLocationInfo.swift in Sources */ = {isa = PBXBuildFile; fileRef = 67BAF3F5283620ED00DB40D9 /* SportsGroundLocationInfo.swift */; };
		67BAF3F82836245100DB40D9 /* CommentsView.swift in Sources */ = {isa = PBXBuildFile; fileRef = 67BAF3F72836245100DB40D9 /* CommentsView.swift */; };
		67CB32D1297BE0F8009380DF /* NetworkStatus in Frameworks */ = {isa = PBXBuildFile; productRef = 67CB32D0297BE0F8009380DF /* NetworkStatus */; };
		67CB32D4297BE872009380DF /* DateFormatterService in Frameworks */ = {isa = PBXBuildFile; productRef = 67CB32D3297BE872009380DF /* DateFormatterService */; };
		67D916812838E2460098D3CB /* DialogListView.swift in Sources */ = {isa = PBXBuildFile; fileRef = 67D916802838E2460098D3CB /* DialogListView.swift */; };
		67D916862838F0DD0098D3CB /* DialogView.swift in Sources */ = {isa = PBXBuildFile; fileRef = 67D916852838F0DD0098D3CB /* DialogView.swift */; };
		67D9169628396C1E0098D3CB /* SendMessageView.swift in Sources */ = {isa = PBXBuildFile; fileRef = 67D9169528396C1E0098D3CB /* SendMessageView.swift */; };
		67EA685C2A71A99700697C88 /* PhotoDetailScreen.swift in Sources */ = {isa = PBXBuildFile; fileRef = 67EA685B2A71A99700697C88 /* PhotoDetailScreen.swift */; };
		67F9534F2964A5700077DFDC /* ImagePicker in Frameworks */ = {isa = PBXBuildFile; productRef = 67F9534E2964A5700077DFDC /* ImagePicker */; };
		67FBF64F28338A2E008A7968 /* EventDetailsView.swift in Sources */ = {isa = PBXBuildFile; fileRef = 67FBF64E28338A2E008A7968 /* EventDetailsView.swift */; };
		67FE5585297BF82000DC52BF /* ShortAddressService in Frameworks */ = {isa = PBXBuildFile; productRef = 67FE5584297BF82000DC52BF /* ShortAddressService */; };
/* End PBXBuildFile section */

/* Begin PBXContainerItemProxy section */
		67138D8A297311BD00BBF450 /* PBXContainerItemProxy */ = {
			isa = PBXContainerItemProxy;
			containerPortal = 6798AA32280AEDC900DB76F1 /* Project object */;
			proxyType = 1;
			remoteGlobalIDString = 6798AA39280AEDC900DB76F1;
			remoteInfo = "SwiftUI-WorkoutApp";
		};
		675083AE297C0A60008D8C52 /* PBXContainerItemProxy */ = {
			isa = PBXContainerItemProxy;
			containerPortal = 6798AA32280AEDC900DB76F1 /* Project object */;
			proxyType = 1;
			remoteGlobalIDString = 6798AA39280AEDC900DB76F1;
			remoteInfo = "SwiftUI-WorkoutApp";
		};
/* End PBXContainerItemProxy section */

/* Begin PBXFileReference section */
		6705E7ED283B703400DABCC8 /* JournalSettingsView.swift */ = {isa = PBXFileReference; lastKnownFileType = sourcecode.swift; path = JournalSettingsView.swift; sourceTree = "<group>"; };
		670CA19D280E8F09003914A3 /* SettingsView.swift */ = {isa = PBXFileReference; lastKnownFileType = sourcecode.swift; path = SettingsView.swift; sourceTree = "<group>"; };
		67138D84297311BD00BBF450 /* WorkoutAppUITests.xctest */ = {isa = PBXFileReference; explicitFileType = wrapper.cfbundle; includeInIndex = 0; path = WorkoutAppUITests.xctest; sourceTree = BUILT_PRODUCTS_DIR; };
		67138D86297311BD00BBF450 /* WorkoutAppUITests.swift */ = {isa = PBXFileReference; lastKnownFileType = sourcecode.swift; path = WorkoutAppUITests.swift; sourceTree = "<group>"; };
		67138D8F297323AE00BBF450 /* SnapshotHelper.swift */ = {isa = PBXFileReference; fileEncoding = 4; lastKnownFileType = sourcecode.swift; path = SnapshotHelper.swift; sourceTree = SOURCE_ROOT; };
		67138D912974851F00BBF450 /* XCUIElement+.swift */ = {isa = PBXFileReference; lastKnownFileType = sourcecode.swift; path = "XCUIElement+.swift"; sourceTree = "<group>"; };
		67138D932974854F00BBF450 /* XCTestCase+.swift */ = {isa = PBXFileReference; lastKnownFileType = sourcecode.swift; path = "XCTestCase+.swift"; sourceTree = "<group>"; };
		671CD13729A28CB800645678 /* SWModels */ = {isa = PBXFileReference; lastKnownFileType = wrapper; name = SWModels; path = "SwiftUI-WorkoutApp/SWModels"; sourceTree = "<group>"; };
		671D7DEB28210D2F0068E728 /* EmptyContentView.swift */ = {isa = PBXFileReference; lastKnownFileType = sourcecode.swift; path = EmptyContentView.swift; sourceTree = "<group>"; };
		672F2BE22832BC7C0000A193 /* oldEvents.json */ = {isa = PBXFileReference; fileEncoding = 4; lastKnownFileType = text.json; path = oldEvents.json; sourceTree = "<group>"; };
		6734D39229BC693D0000B5B1 /* DesignSystem */ = {isa = PBXFileReference; lastKnownFileType = wrapper; name = DesignSystem; path = "SwiftUI-WorkoutApp/DesignSystem"; sourceTree = "<group>"; };
		67419ACE282E70B9004F5339 /* SportsGroundsListView.swift */ = {isa = PBXFileReference; lastKnownFileType = sourcecode.swift; path = SportsGroundsListView.swift; sourceTree = "<group>"; };
		6747575528113419002F0A24 /* ChangePasswordView.swift */ = {isa = PBXFileReference; lastKnownFileType = sourcecode.swift; path = ChangePasswordView.swift; sourceTree = "<group>"; };
		6747575828128603002F0A24 /* SportsGroundDetailView.swift */ = {isa = PBXFileReference; lastKnownFileType = sourcecode.swift; path = SportsGroundDetailView.swift; sourceTree = "<group>"; };
		674D061A28280A63007E75C6 /* FriendRequestsView.swift */ = {isa = PBXFileReference; lastKnownFileType = sourcecode.swift; path = FriendRequestsView.swift; sourceTree = "<group>"; };
		674D0622282A9896007E75C6 /* SearchUsersView.swift */ = {isa = PBXFileReference; lastKnownFileType = sourcecode.swift; path = SearchUsersView.swift; sourceTree = "<group>"; };
		675083AA297C0A60008D8C52 /* WorkoutAppTests.xctest */ = {isa = PBXFileReference; explicitFileType = wrapper.cfbundle; includeInIndex = 0; path = WorkoutAppTests.xctest; sourceTree = BUILT_PRODUCTS_DIR; };
		675083AC297C0A60008D8C52 /* ShortAddressServiceTests.swift */ = {isa = PBXFileReference; lastKnownFileType = sourcecode.swift; path = ShortAddressServiceTests.swift; sourceTree = "<group>"; };
		67515698283FEC3100501346 /* PickedImagesGrid.swift */ = {isa = PBXFileReference; lastKnownFileType = sourcecode.swift; path = PickedImagesGrid.swift; sourceTree = "<group>"; };
		6758463A2965B0F6000BA5E0 /* UIImage+Identifiable.swift */ = {isa = PBXFileReference; lastKnownFileType = sourcecode.swift; path = "UIImage+Identifiable.swift"; sourceTree = "<group>"; };
		6758463E2965B7F2000BA5E0 /* ImageDetailView.swift */ = {isa = PBXFileReference; lastKnownFileType = sourcecode.swift; path = ImageDetailView.swift; sourceTree = "<group>"; };
		675A3707285480E600DAE071 /* Utils */ = {isa = PBXFileReference; lastKnownFileType = wrapper; name = Utils; path = "SwiftUI-WorkoutApp/Utils"; sourceTree = "<group>"; };
		675E5617297D21D400B4981A /* Array+.swift */ = {isa = PBXFileReference; lastKnownFileType = sourcecode.swift; path = "Array+.swift"; sourceTree = "<group>"; };
		675EC64E2814126800C2E229 /* TextEntryView.swift */ = {isa = PBXFileReference; lastKnownFileType = sourcecode.swift; path = TextEntryView.swift; sourceTree = "<group>"; };
		675EC652281445E500C2E229 /* MapViewUI.swift */ = {isa = PBXFileReference; lastKnownFileType = sourcecode.swift; path = MapViewUI.swift; sourceTree = "<group>"; };
		675EC65528153B8200C2E229 /* Info.plist */ = {isa = PBXFileReference; lastKnownFileType = text.plist.xml; path = Info.plist; sourceTree = "<group>"; };
		675EC6562815433600C2E229 /* UsersListView.swift */ = {isa = PBXFileReference; lastKnownFileType = sourcecode.swift; path = UsersListView.swift; sourceTree = "<group>"; };
		675EC65E2815532800C2E229 /* EventFormView.swift */ = {isa = PBXFileReference; fileEncoding = 4; lastKnownFileType = sourcecode.swift; path = EventFormView.swift; sourceTree = "<group>"; };
		675EC6622815AA4A00C2E229 /* MapSnapshotView.swift */ = {isa = PBXFileReference; lastKnownFileType = sourcecode.swift; path = MapSnapshotView.swift; sourceTree = "<group>"; };
		6762774F283A3A54009C203F /* JournalsListView.swift */ = {isa = PBXFileReference; lastKnownFileType = sourcecode.swift; path = JournalsListView.swift; sourceTree = "<group>"; };
		67627754283A4C77009C203F /* JournalEntriesList.swift */ = {isa = PBXFileReference; lastKnownFileType = sourcecode.swift; path = JournalEntriesList.swift; sourceTree = "<group>"; };
		6762775A283A87AD009C203F /* JournalCell.swift */ = {isa = PBXFileReference; lastKnownFileType = sourcecode.swift; path = JournalCell.swift; sourceTree = "<group>"; };
		6766A035284603CA0033F1E8 /* TabViewModel.swift */ = {isa = PBXFileReference; lastKnownFileType = sourcecode.swift; path = TabViewModel.swift; sourceTree = "<group>"; };
		677311192965FFAA003CD13A /* PreviewContent.swift */ = {isa = PBXFileReference; lastKnownFileType = sourcecode.swift; path = PreviewContent.swift; sourceTree = "<group>"; };
		67891E37283E947B00B10802 /* SportsGroundFormView.swift */ = {isa = PBXFileReference; lastKnownFileType = sourcecode.swift; path = SportsGroundFormView.swift; sourceTree = "<group>"; };
		678E3B1A2ACDEA9D00977EEC /* SWNetworkClient */ = {isa = PBXFileReference; lastKnownFileType = wrapper; name = SWNetworkClient; path = "SwiftUI-WorkoutApp/SWNetworkClient"; sourceTree = "<group>"; };
		6798AA3A280AEDC900DB76F1 /* WorkoutApp.app */ = {isa = PBXFileReference; explicitFileType = wrapper.application; includeInIndex = 0; path = WorkoutApp.app; sourceTree = BUILT_PRODUCTS_DIR; };
		6798AA3D280AEDC900DB76F1 /* SwiftUI_WorkoutAppApp.swift */ = {isa = PBXFileReference; lastKnownFileType = sourcecode.swift; path = SwiftUI_WorkoutAppApp.swift; sourceTree = "<group>"; };
		6798AA3F280AEDC900DB76F1 /* RootView.swift */ = {isa = PBXFileReference; lastKnownFileType = sourcecode.swift; path = RootView.swift; sourceTree = "<group>"; };
		6798AA41280AEDCA00DB76F1 /* Assets.xcassets */ = {isa = PBXFileReference; lastKnownFileType = folder.assetcatalog; path = Assets.xcassets; sourceTree = "<group>"; };
		6798AA44280AEDCA00DB76F1 /* Preview Assets.xcassets */ = {isa = PBXFileReference; lastKnownFileType = folder.assetcatalog; path = "Preview Assets.xcassets"; sourceTree = "<group>"; };
		6798AA4B280AF1C200DB76F1 /* LaunchScreen.storyboard */ = {isa = PBXFileReference; lastKnownFileType = file.storyboard; path = LaunchScreen.storyboard; sourceTree = "<group>"; };
		6798AA52280AF43900DB76F1 /* EventsListView.swift */ = {isa = PBXFileReference; lastKnownFileType = sourcecode.swift; path = EventsListView.swift; sourceTree = "<group>"; };
		6798AA54280AF46300DB76F1 /* DialogsScreen.swift */ = {isa = PBXFileReference; lastKnownFileType = sourcecode.swift; path = DialogsScreen.swift; sourceTree = "<group>"; };
		6798AA56280AF48C00DB76F1 /* JournalsScreen.swift */ = {isa = PBXFileReference; lastKnownFileType = sourcecode.swift; path = JournalsScreen.swift; sourceTree = "<group>"; };
		6798AA58280AF4B100DB76F1 /* SportsGroundsMapView.swift */ = {isa = PBXFileReference; lastKnownFileType = sourcecode.swift; path = SportsGroundsMapView.swift; sourceTree = "<group>"; };
		6798AA5A280AF4C700DB76F1 /* ProfileScreen.swift */ = {isa = PBXFileReference; lastKnownFileType = sourcecode.swift; path = ProfileScreen.swift; sourceTree = "<group>"; };
		6798AA65280B232F00DB76F1 /* IncognitoProfileView.swift */ = {isa = PBXFileReference; lastKnownFileType = sourcecode.swift; path = IncognitoProfileView.swift; sourceTree = "<group>"; };
		6798AA67280B23B700DB76F1 /* UserDetailsView.swift */ = {isa = PBXFileReference; lastKnownFileType = sourcecode.swift; path = UserDetailsView.swift; sourceTree = "<group>"; };
		6798AA72280B43FE00DB76F1 /* LoginView.swift */ = {isa = PBXFileReference; lastKnownFileType = sourcecode.swift; path = LoginView.swift; sourceTree = "<group>"; };
		6798AA75280BE8E200DB76F1 /* countries.json */ = {isa = PBXFileReference; fileEncoding = 4; lastKnownFileType = text.json; path = countries.json; sourceTree = "<group>"; };
		6798AA77280BE8E200DB76F1 /* oldSportsGrounds.json */ = {isa = PBXFileReference; fileEncoding = 4; lastKnownFileType = text.json; path = oldSportsGrounds.json; sourceTree = "<group>"; };
		6798AA83280C0F7D00DB76F1 /* EditAccountScreen.swift */ = {isa = PBXFileReference; lastKnownFileType = sourcecode.swift; path = EditAccountScreen.swift; sourceTree = "<group>"; };
		679F3B02296841DD00BB3590 /* URLOpener.swift */ = {isa = PBXFileReference; lastKnownFileType = sourcecode.swift; path = URLOpener.swift; sourceTree = "<group>"; };
		679F3B062969D4E200BB3590 /* IncognitoUserButton.swift */ = {isa = PBXFileReference; lastKnownFileType = sourcecode.swift; path = IncognitoUserButton.swift; sourceTree = "<group>"; };
		67A079F12A758E7D005EAF70 /* PickedPhotoView.swift */ = {isa = PBXFileReference; lastKnownFileType = sourcecode.swift; path = PickedPhotoView.swift; sourceTree = "<group>"; };
		67A64A232AC83A0F00CBDD5F /* Localizable.xcstrings */ = {isa = PBXFileReference; lastKnownFileType = text.json.xcstrings; path = Localizable.xcstrings; sourceTree = "<group>"; };
		67A9C90728427DEA005D6A36 /* SportsGroundFilterView.swift */ = {isa = PBXFileReference; lastKnownFileType = sourcecode.swift; path = SportsGroundFilterView.swift; sourceTree = "<group>"; };
		67B371722A640079000FF143 /* AppThemeService.swift */ = {isa = PBXFileReference; lastKnownFileType = sourcecode.swift; path = AppThemeService.swift; sourceTree = "<group>"; };
		67B78711281D654C008B104F /* DefaultsService.swift */ = {isa = PBXFileReference; lastKnownFileType = sourcecode.swift; path = DefaultsService.swift; sourceTree = "<group>"; };
		67B78715281D8006008B104F /* SportsGroundsMapViewModel.swift */ = {isa = PBXFileReference; lastKnownFileType = sourcecode.swift; path = SportsGroundsMapViewModel.swift; sourceTree = "<group>"; };
		67BAF3F328361BC400DB40D9 /* PhotoSectionView.swift */ = {isa = PBXFileReference; lastKnownFileType = sourcecode.swift; path = PhotoSectionView.swift; sourceTree = "<group>"; };
		67BAF3F5283620ED00DB40D9 /* SportsGroundLocationInfo.swift */ = {isa = PBXFileReference; lastKnownFileType = sourcecode.swift; path = SportsGroundLocationInfo.swift; sourceTree = "<group>"; };
		67BAF3F72836245100DB40D9 /* CommentsView.swift */ = {isa = PBXFileReference; lastKnownFileType = sourcecode.swift; path = CommentsView.swift; sourceTree = "<group>"; };
		67CB32D2297BE737009380DF /* DateFormatterService */ = {isa = PBXFileReference; lastKnownFileType = wrapper; name = DateFormatterService; path = "SwiftUI-WorkoutApp/DateFormatterService"; sourceTree = "<group>"; };
		67D916802838E2460098D3CB /* DialogListView.swift */ = {isa = PBXFileReference; lastKnownFileType = sourcecode.swift; path = DialogListView.swift; sourceTree = "<group>"; };
		67D916852838F0DD0098D3CB /* DialogView.swift */ = {isa = PBXFileReference; lastKnownFileType = sourcecode.swift; path = DialogView.swift; sourceTree = "<group>"; };
		67D9169528396C1E0098D3CB /* SendMessageView.swift */ = {isa = PBXFileReference; lastKnownFileType = sourcecode.swift; path = SendMessageView.swift; sourceTree = "<group>"; };
		67EA685B2A71A99700697C88 /* PhotoDetailScreen.swift */ = {isa = PBXFileReference; lastKnownFileType = sourcecode.swift; path = PhotoDetailScreen.swift; sourceTree = "<group>"; };
		67FBF64E28338A2E008A7968 /* EventDetailsView.swift */ = {isa = PBXFileReference; lastKnownFileType = sourcecode.swift; path = EventDetailsView.swift; sourceTree = "<group>"; };
		67FE5583297BF78500DC52BF /* ShortAddressService */ = {isa = PBXFileReference; lastKnownFileType = wrapper; name = ShortAddressService; path = "SwiftUI-WorkoutApp/ShortAddressService"; sourceTree = "<group>"; };
/* End PBXFileReference section */

/* Begin PBXFrameworksBuildPhase section */
		67138D81297311BD00BBF450 /* Frameworks */ = {
			isa = PBXFrameworksBuildPhase;
			buildActionMask = 2147483647;
			files = (
			);
			runOnlyForDeploymentPostprocessing = 0;
		};
		675083A7297C0A60008D8C52 /* Frameworks */ = {
			isa = PBXFrameworksBuildPhase;
			buildActionMask = 2147483647;
			files = (
			);
			runOnlyForDeploymentPostprocessing = 0;
		};
		6798AA37280AEDC900DB76F1 /* Frameworks */ = {
			isa = PBXFrameworksBuildPhase;
			buildActionMask = 2147483647;
			files = (
				678E3B1C2ACDEFFA00977EEC /* SWNetworkClient in Frameworks */,
				670431512964544D0090CAC3 /* FeedbackSender in Frameworks */,
				67FE5585297BF82000DC52BF /* ShortAddressService in Frameworks */,
				671CD13929A2904200645678 /* SWModels in Frameworks */,
				67CB32D4297BE872009380DF /* DateFormatterService in Frameworks */,
				6734D39429BC69580000B5B1 /* DesignSystem in Frameworks */,
				67F9534F2964A5700077DFDC /* ImagePicker in Frameworks */,
				675A370A2854810B00DAE071 /* Utils in Frameworks */,
				67CB32D1297BE0F8009380DF /* NetworkStatus in Frameworks */,
			);
			runOnlyForDeploymentPostprocessing = 0;
		};
/* End PBXFrameworksBuildPhase section */

/* Begin PBXGroup section */
		6705E7F3283B887600DABCC8 /* Settings */ = {
			isa = PBXGroup;
			children = (
				6705E7ED283B703400DABCC8 /* JournalSettingsView.swift */,
			);
			path = Settings;
			sourceTree = "<group>";
		};
		67138D85297311BD00BBF450 /* WorkoutAppUITests */ = {
			isa = PBXGroup;
			children = (
				67138D8F297323AE00BBF450 /* SnapshotHelper.swift */,
				67138D86297311BD00BBF450 /* WorkoutAppUITests.swift */,
				67138D912974851F00BBF450 /* XCUIElement+.swift */,
				67138D932974854F00BBF450 /* XCTestCase+.swift */,
			);
			path = WorkoutAppUITests;
			sourceTree = "<group>";
		};
		671D7DED28210D820068E728 /* Events */ = {
			isa = PBXGroup;
			children = (
				67FBF64C283389F6008A7968 /* List */,
				676B3AF8283507D500DB4ADA /* Detail */,
				67FBF64D28338A09008A7968 /* Form */,
			);
			path = Events;
			sourceTree = "<group>";
		};
		67419AD4282E8E6F004F5339 /* Journals */ = {
			isa = PBXGroup;
			children = (
				6798AA56280AF48C00DB76F1 /* JournalsScreen.swift */,
				6762775A283A87AD009C203F /* JournalCell.swift */,
				6762774E283A3A3B009C203F /* JournalsList */,
				67627753283A4C2F009C203F /* EntriesList */,
				6705E7F3283B887600DABCC8 /* Settings */,
			);
			path = Journals;
			sourceTree = "<group>";
		};
		67419AD5282E8E7C004F5339 /* Messages */ = {
			isa = PBXGroup;
			children = (
				6798AA54280AF46300DB76F1 /* DialogsScreen.swift */,
				67D916802838E2460098D3CB /* DialogListView.swift */,
				67D916852838F0DD0098D3CB /* DialogView.swift */,
			);
			path = Messages;
			sourceTree = "<group>";
		};
		67419AD6282E8E84004F5339 /* Root */ = {
			isa = PBXGroup;
			children = (
				6798AA3F280AEDC900DB76F1 /* RootView.swift */,
				6766A035284603CA0033F1E8 /* TabViewModel.swift */,
			);
			path = Root;
			sourceTree = "<group>";
		};
		67419AD7282E8E95004F5339 /* SearchUsers */ = {
			isa = PBXGroup;
			children = (
				674D0622282A9896007E75C6 /* SearchUsersView.swift */,
			);
			path = SearchUsers;
			sourceTree = "<group>";
		};
		67419AD8282E8E9E004F5339 /* Settings */ = {
			isa = PBXGroup;
			children = (
				670CA19D280E8F09003914A3 /* SettingsView.swift */,
				6798AA72280B43FE00DB76F1 /* LoginView.swift */,
			);
			path = Settings;
			sourceTree = "<group>";
		};
		67419AD9282E8EBA004F5339 /* FriendRequests */ = {
			isa = PBXGroup;
			children = (
				674D061A28280A63007E75C6 /* FriendRequestsView.swift */,
			);
			path = FriendRequests;
			sourceTree = "<group>";
		};
		67475757281285E5002F0A24 /* SportsGrounds */ = {
			isa = PBXGroup;
			children = (
				67A9C90628427DDD005D6A36 /* Filter */,
				67891E34283E93ED00B10802 /* Form */,
				6770A8342834D3B60006B672 /* Map */,
				67D916792838D18C0098D3CB /* Detail */,
				6770A8322834D3810006B672 /* List */,
			);
			path = SportsGrounds;
			sourceTree = "<group>";
		};
		675083AB297C0A60008D8C52 /* WorkoutAppTests */ = {
			isa = PBXGroup;
			children = (
				675083AC297C0A60008D8C52 /* ShortAddressServiceTests.swift */,
			);
			path = WorkoutAppTests;
			sourceTree = "<group>";
		};
		67515697283FEC0B00501346 /* ImagePicker */ = {
			isa = PBXGroup;
			children = (
				67515698283FEC3100501346 /* PickedImagesGrid.swift */,
				67A079F12A758E7D005EAF70 /* PickedPhotoView.swift */,
			);
			path = ImagePicker;
			sourceTree = "<group>";
		};
		6751569D28423B3700501346 /* TextEntry */ = {
			isa = PBXGroup;
			children = (
				675EC64E2814126800C2E229 /* TextEntryView.swift */,
			);
			path = TextEntry;
			sourceTree = "<group>";
		};
		6758B93A281E74DF001D83D8 /* Extensions */ = {
			isa = PBXGroup;
			children = (
				6758463A2965B0F6000BA5E0 /* UIImage+Identifiable.swift */,
				675E5617297D21D400B4981A /* Array+.swift */,
			);
			path = Extensions;
			sourceTree = "<group>";
		};
		675A37082854810B00DAE071 /* Frameworks */ = {
			isa = PBXGroup;
			children = (
			);
			name = Frameworks;
			sourceTree = "<group>";
		};
		6762774E283A3A3B009C203F /* JournalsList */ = {
			isa = PBXGroup;
			children = (
				6762774F283A3A54009C203F /* JournalsListView.swift */,
			);
			path = JournalsList;
			sourceTree = "<group>";
		};
		67627753283A4C2F009C203F /* EntriesList */ = {
			isa = PBXGroup;
			children = (
				67627754283A4C77009C203F /* JournalEntriesList.swift */,
			);
			path = EntriesList;
			sourceTree = "<group>";
		};
		6762775C283ABF0C009C203F /* UsersList */ = {
			isa = PBXGroup;
			children = (
				675EC6562815433600C2E229 /* UsersListView.swift */,
			);
			path = UsersList;
			sourceTree = "<group>";
		};
		676B3AF8283507D500DB4ADA /* Detail */ = {
			isa = PBXGroup;
			children = (
				67FBF64E28338A2E008A7968 /* EventDetailsView.swift */,
			);
			path = Detail;
			sourceTree = "<group>";
		};
		6770A8322834D3810006B672 /* List */ = {
			isa = PBXGroup;
			children = (
				67419ACE282E70B9004F5339 /* SportsGroundsListView.swift */,
			);
			path = List;
			sourceTree = "<group>";
		};
		6770A8342834D3B60006B672 /* Map */ = {
			isa = PBXGroup;
			children = (
				675EC652281445E500C2E229 /* MapViewUI.swift */,
				6798AA58280AF4B100DB76F1 /* SportsGroundsMapView.swift */,
				67B78715281D8006008B104F /* SportsGroundsMapViewModel.swift */,
			);
			path = Map;
			sourceTree = "<group>";
		};
		6770A8352834D7B50006B672 /* EditAccount */ = {
			isa = PBXGroup;
			children = (
				6798AA83280C0F7D00DB76F1 /* EditAccountScreen.swift */,
				6747575528113419002F0A24 /* ChangePasswordView.swift */,
			);
			path = EditAccount;
			sourceTree = "<group>";
		};
		67891E34283E93ED00B10802 /* Form */ = {
			isa = PBXGroup;
			children = (
				67891E37283E947B00B10802 /* SportsGroundFormView.swift */,
			);
			path = Form;
			sourceTree = "<group>";
		};
		6798AA31280AEDC900DB76F1 = {
			isa = PBXGroup;
			children = (
				678E3B1A2ACDEA9D00977EEC /* SWNetworkClient */,
				6734D39229BC693D0000B5B1 /* DesignSystem */,
				671CD13729A28CB800645678 /* SWModels */,
				67FE5583297BF78500DC52BF /* ShortAddressService */,
				67CB32D2297BE737009380DF /* DateFormatterService */,
				675A3707285480E600DAE071 /* Utils */,
				6798AA3C280AEDC900DB76F1 /* SwiftUI-WorkoutApp */,
				67138D85297311BD00BBF450 /* WorkoutAppUITests */,
				675083AB297C0A60008D8C52 /* WorkoutAppTests */,
				6798AA3B280AEDC900DB76F1 /* Products */,
				675A37082854810B00DAE071 /* Frameworks */,
			);
			sourceTree = "<group>";
		};
		6798AA3B280AEDC900DB76F1 /* Products */ = {
			isa = PBXGroup;
			children = (
				6798AA3A280AEDC900DB76F1 /* WorkoutApp.app */,
				67138D84297311BD00BBF450 /* WorkoutAppUITests.xctest */,
				675083AA297C0A60008D8C52 /* WorkoutAppTests.xctest */,
			);
			name = Products;
			sourceTree = "<group>";
		};
		6798AA3C280AEDC900DB76F1 /* SwiftUI-WorkoutApp */ = {
			isa = PBXGroup;
			children = (
				6798AA3D280AEDC900DB76F1 /* SwiftUI_WorkoutAppApp.swift */,
				6758B93A281E74DF001D83D8 /* Extensions */,
				6798AA62280B1A5A00DB76F1 /* Services */,
				6798AA4F280AF3F300DB76F1 /* Screens */,
				6798AA5E280AF5F900DB76F1 /* Resources */,
				6798AA43280AEDCA00DB76F1 /* Preview Content */,
			);
			path = "SwiftUI-WorkoutApp";
			sourceTree = "<group>";
		};
		6798AA43280AEDCA00DB76F1 /* Preview Content */ = {
			isa = PBXGroup;
			children = (
				6798AA44280AEDCA00DB76F1 /* Preview Assets.xcassets */,
				677311192965FFAA003CD13A /* PreviewContent.swift */,
			);
			path = "Preview Content";
			sourceTree = "<group>";
		};
		6798AA4F280AF3F300DB76F1 /* Screens */ = {
			isa = PBXGroup;
			children = (
				67419AD6282E8E84004F5339 /* Root */,
				67475757281285E5002F0A24 /* SportsGrounds */,
				671D7DED28210D820068E728 /* Events */,
				67419AD5282E8E7C004F5339 /* Messages */,
				67419AD4282E8E6F004F5339 /* Journals */,
				6798AA69280B23BF00DB76F1 /* Profile */,
				67419AD8282E8E9E004F5339 /* Settings */,
				6798AA6A280B277600DB76F1 /* Common */,
			);
			path = Screens;
			sourceTree = "<group>";
		};
		6798AA5E280AF5F900DB76F1 /* Resources */ = {
			isa = PBXGroup;
			children = (
				672F2BE22832BC7C0000A193 /* oldEvents.json */,
				675EC65528153B8200C2E229 /* Info.plist */,
				6798AA75280BE8E200DB76F1 /* countries.json */,
				6798AA77280BE8E200DB76F1 /* oldSportsGrounds.json */,
				6798AA4B280AF1C200DB76F1 /* LaunchScreen.storyboard */,
				6798AA41280AEDCA00DB76F1 /* Assets.xcassets */,
				67A64A232AC83A0F00CBDD5F /* Localizable.xcstrings */,
			);
			path = Resources;
			sourceTree = "<group>";
		};
		6798AA62280B1A5A00DB76F1 /* Services */ = {
			isa = PBXGroup;
			children = (
				67B78711281D654C008B104F /* DefaultsService.swift */,
				679F3B02296841DD00BB3590 /* URLOpener.swift */,
				67B371722A640079000FF143 /* AppThemeService.swift */,
			);
			path = Services;
			sourceTree = "<group>";
		};
		6798AA69280B23BF00DB76F1 /* Profile */ = {
			isa = PBXGroup;
			children = (
				6798AA5A280AF4C700DB76F1 /* ProfileScreen.swift */,
				6770A8352834D7B50006B672 /* EditAccount */,
				67D9167A2838D2150098D3CB /* Detail */,
				67419AD9282E8EBA004F5339 /* FriendRequests */,
				67419AD7282E8E95004F5339 /* SearchUsers */,
			);
			path = Profile;
			sourceTree = "<group>";
		};
		6798AA6A280B277600DB76F1 /* Common */ = {
			isa = PBXGroup;
			children = (
				679F3B0A2969DF3E00BB3590 /* Incognito */,
				679F3AF8296802BA00BB3590 /* SendMessage */,
				679F3AF72968029900BB3590 /* SportsGroundLocation */,
				67C87FD4284388EF00D6377D /* PhotoSection */,
				6751569D28423B3700501346 /* TextEntry */,
				67515697283FEC0B00501346 /* ImagePicker */,
				6762775C283ABF0C009C203F /* UsersList */,
				67BAF3F92836275C00DB40D9 /* Comments */,
				671D7DEB28210D2F0068E728 /* EmptyContentView.swift */,
			);
			path = Common;
			sourceTree = "<group>";
		};
		679F3AF72968029900BB3590 /* SportsGroundLocation */ = {
			isa = PBXGroup;
			children = (
				675EC6622815AA4A00C2E229 /* MapSnapshotView.swift */,
				67BAF3F5283620ED00DB40D9 /* SportsGroundLocationInfo.swift */,
			);
			path = SportsGroundLocation;
			sourceTree = "<group>";
		};
		679F3AF8296802BA00BB3590 /* SendMessage */ = {
			isa = PBXGroup;
			children = (
				67D9169528396C1E0098D3CB /* SendMessageView.swift */,
			);
			path = SendMessage;
			sourceTree = "<group>";
		};
		679F3B0A2969DF3E00BB3590 /* Incognito */ = {
			isa = PBXGroup;
			children = (
				6798AA65280B232F00DB76F1 /* IncognitoProfileView.swift */,
				679F3B062969D4E200BB3590 /* IncognitoUserButton.swift */,
			);
			path = Incognito;
			sourceTree = "<group>";
		};
		67A9C90628427DDD005D6A36 /* Filter */ = {
			isa = PBXGroup;
			children = (
				67A9C90728427DEA005D6A36 /* SportsGroundFilterView.swift */,
			);
			path = Filter;
			sourceTree = "<group>";
		};
		67BAF3F92836275C00DB40D9 /* Comments */ = {
			isa = PBXGroup;
			children = (
				67BAF3F72836245100DB40D9 /* CommentsView.swift */,
			);
			path = Comments;
			sourceTree = "<group>";
		};
		67C87FD4284388EF00D6377D /* PhotoSection */ = {
			isa = PBXGroup;
			children = (
				67BAF3F328361BC400DB40D9 /* PhotoSectionView.swift */,
				6758463E2965B7F2000BA5E0 /* ImageDetailView.swift */,
				67EA685B2A71A99700697C88 /* PhotoDetailScreen.swift */,
			);
			path = PhotoSection;
			sourceTree = "<group>";
		};
		67D916792838D18C0098D3CB /* Detail */ = {
			isa = PBXGroup;
			children = (
				6747575828128603002F0A24 /* SportsGroundDetailView.swift */,
			);
			path = Detail;
			sourceTree = "<group>";
		};
		67D9167A2838D2150098D3CB /* Detail */ = {
			isa = PBXGroup;
			children = (
				6798AA67280B23B700DB76F1 /* UserDetailsView.swift */,
			);
			path = Detail;
			sourceTree = "<group>";
		};
		67FBF64C283389F6008A7968 /* List */ = {
			isa = PBXGroup;
			children = (
				6798AA52280AF43900DB76F1 /* EventsListView.swift */,
			);
			path = List;
			sourceTree = "<group>";
		};
		67FBF64D28338A09008A7968 /* Form */ = {
			isa = PBXGroup;
			children = (
				675EC65E2815532800C2E229 /* EventFormView.swift */,
			);
			path = Form;
			sourceTree = "<group>";
		};
/* End PBXGroup section */

/* Begin PBXNativeTarget section */
		67138D83297311BD00BBF450 /* WorkoutAppUITests */ = {
			isa = PBXNativeTarget;
			buildConfigurationList = 67138D8E297311BD00BBF450 /* Build configuration list for PBXNativeTarget "WorkoutAppUITests" */;
			buildPhases = (
				67138D80297311BD00BBF450 /* Sources */,
				67138D81297311BD00BBF450 /* Frameworks */,
				67138D82297311BD00BBF450 /* Resources */,
			);
			buildRules = (
			);
			dependencies = (
				67138D8B297311BD00BBF450 /* PBXTargetDependency */,
			);
			name = WorkoutAppUITests;
			productName = WorkoutAppUITests;
			productReference = 67138D84297311BD00BBF450 /* WorkoutAppUITests.xctest */;
			productType = "com.apple.product-type.bundle.ui-testing";
		};
		675083A9297C0A60008D8C52 /* WorkoutAppTests */ = {
			isa = PBXNativeTarget;
			buildConfigurationList = 675083B2297C0A60008D8C52 /* Build configuration list for PBXNativeTarget "WorkoutAppTests" */;
			buildPhases = (
				675083A6297C0A60008D8C52 /* Sources */,
				675083A7297C0A60008D8C52 /* Frameworks */,
				675083A8297C0A60008D8C52 /* Resources */,
			);
			buildRules = (
			);
			dependencies = (
				675083AF297C0A60008D8C52 /* PBXTargetDependency */,
			);
			name = WorkoutAppTests;
			productName = WorkoutAppTests;
			productReference = 675083AA297C0A60008D8C52 /* WorkoutAppTests.xctest */;
			productType = "com.apple.product-type.bundle.unit-test";
		};
		6798AA39280AEDC900DB76F1 /* SwiftUI-WorkoutApp */ = {
			isa = PBXNativeTarget;
			buildConfigurationList = 6798AA48280AEDCA00DB76F1 /* Build configuration list for PBXNativeTarget "SwiftUI-WorkoutApp" */;
			buildPhases = (
				6798AA36280AEDC900DB76F1 /* Sources */,
				6798AA37280AEDC900DB76F1 /* Frameworks */,
				6798AA38280AEDC900DB76F1 /* Resources */,
			);
			buildRules = (
			);
			dependencies = (
			);
			name = "SwiftUI-WorkoutApp";
			packageProductDependencies = (
				675A37092854810B00DAE071 /* Utils */,
				670431502964544D0090CAC3 /* FeedbackSender */,
				67F9534E2964A5700077DFDC /* ImagePicker */,
				67CB32D0297BE0F8009380DF /* NetworkStatus */,
				67CB32D3297BE872009380DF /* DateFormatterService */,
				67FE5584297BF82000DC52BF /* ShortAddressService */,
				671CD13829A2904200645678 /* SWModels */,
				6734D39329BC69580000B5B1 /* DesignSystem */,
				678E3B1B2ACDEFFA00977EEC /* SWNetworkClient */,
			);
			productName = "SwiftUI-WorkoutApp";
			productReference = 6798AA3A280AEDC900DB76F1 /* WorkoutApp.app */;
			productType = "com.apple.product-type.application";
		};
/* End PBXNativeTarget section */

/* Begin PBXProject section */
		6798AA32280AEDC900DB76F1 /* Project object */ = {
			isa = PBXProject;
			attributes = {
				BuildIndependentTargetsInParallel = 1;
				LastSwiftUpdateCheck = 1420;
				LastUpgradeCheck = 1500;
				TargetAttributes = {
					67138D83297311BD00BBF450 = {
						CreatedOnToolsVersion = 14.2;
						TestTargetID = 6798AA39280AEDC900DB76F1;
					};
					675083A9297C0A60008D8C52 = {
						CreatedOnToolsVersion = 14.2;
						TestTargetID = 6798AA39280AEDC900DB76F1;
					};
					6798AA39280AEDC900DB76F1 = {
						CreatedOnToolsVersion = 13.3.1;
					};
				};
			};
			buildConfigurationList = 6798AA35280AEDC900DB76F1 /* Build configuration list for PBXProject "SwiftUI-WorkoutApp" */;
			compatibilityVersion = "Xcode 13.0";
			developmentRegion = ru;
			hasScannedForEncodings = 0;
			knownRegions = (
				en,
				Base,
				ru,
			);
			mainGroup = 6798AA31280AEDC900DB76F1;
			packageReferences = (
				6704314F2964544D0090CAC3 /* XCRemoteSwiftPackageReference "FeedbackSender" */,
				67F9534D2964A5700077DFDC /* XCRemoteSwiftPackageReference "ImagePicker" */,
				67CB32CF297BE0F8009380DF /* XCRemoteSwiftPackageReference "NetworkStatus" */,
			);
			productRefGroup = 6798AA3B280AEDC900DB76F1 /* Products */;
			projectDirPath = "";
			projectRoot = "";
			targets = (
				6798AA39280AEDC900DB76F1 /* SwiftUI-WorkoutApp */,
				67138D83297311BD00BBF450 /* WorkoutAppUITests */,
				675083A9297C0A60008D8C52 /* WorkoutAppTests */,
			);
		};
/* End PBXProject section */

/* Begin PBXResourcesBuildPhase section */
		67138D82297311BD00BBF450 /* Resources */ = {
			isa = PBXResourcesBuildPhase;
			buildActionMask = 2147483647;
			files = (
			);
			runOnlyForDeploymentPostprocessing = 0;
		};
		675083A8297C0A60008D8C52 /* Resources */ = {
			isa = PBXResourcesBuildPhase;
			buildActionMask = 2147483647;
			files = (
			);
			runOnlyForDeploymentPostprocessing = 0;
		};
		6798AA38280AEDC900DB76F1 /* Resources */ = {
			isa = PBXResourcesBuildPhase;
			buildActionMask = 2147483647;
			files = (
				6798AA4C280AF1C200DB76F1 /* LaunchScreen.storyboard in Resources */,
				6798AA7B280BE8E200DB76F1 /* oldSportsGrounds.json in Resources */,
				6798AA45280AEDCA00DB76F1 /* Preview Assets.xcassets in Resources */,
				6798AA79280BE8E200DB76F1 /* countries.json in Resources */,
				672F2BE32832BC7C0000A193 /* oldEvents.json in Resources */,
				6798AA42280AEDCA00DB76F1 /* Assets.xcassets in Resources */,
				67A64A242AC83A0F00CBDD5F /* Localizable.xcstrings in Resources */,
			);
			runOnlyForDeploymentPostprocessing = 0;
		};
/* End PBXResourcesBuildPhase section */

/* Begin PBXSourcesBuildPhase section */
		67138D80297311BD00BBF450 /* Sources */ = {
			isa = PBXSourcesBuildPhase;
			buildActionMask = 2147483647;
			files = (
				67138D87297311BD00BBF450 /* WorkoutAppUITests.swift in Sources */,
				67138D922974851F00BBF450 /* XCUIElement+.swift in Sources */,
				67138D942974854F00BBF450 /* XCTestCase+.swift in Sources */,
				67138D90297323AE00BBF450 /* SnapshotHelper.swift in Sources */,
			);
			runOnlyForDeploymentPostprocessing = 0;
		};
		675083A6297C0A60008D8C52 /* Sources */ = {
			isa = PBXSourcesBuildPhase;
			buildActionMask = 2147483647;
			files = (
				675083AD297C0A60008D8C52 /* ShortAddressServiceTests.swift in Sources */,
			);
			runOnlyForDeploymentPostprocessing = 0;
		};
		6798AA36280AEDC900DB76F1 /* Sources */ = {
			isa = PBXSourcesBuildPhase;
			buildActionMask = 2147483647;
			files = (
				6798AA5B280AF4C700DB76F1 /* ProfileScreen.swift in Sources */,
				67A9C90828427DEA005D6A36 /* SportsGroundFilterView.swift in Sources */,
				6798AA55280AF46300DB76F1 /* DialogsScreen.swift in Sources */,
				6758463F2965B7F2000BA5E0 /* ImageDetailView.swift in Sources */,
				67B371732A640079000FF143 /* AppThemeService.swift in Sources */,
				67BAF3F428361BC400DB40D9 /* PhotoSectionView.swift in Sources */,
				67BAF3F82836245100DB40D9 /* CommentsView.swift in Sources */,
				67A079F22A758E7D005EAF70 /* PickedPhotoView.swift in Sources */,
				6798AA66280B232F00DB76F1 /* IncognitoProfileView.swift in Sources */,
				679F3B03296841DD00BB3590 /* URLOpener.swift in Sources */,
				67BAF3F6283620ED00DB40D9 /* SportsGroundLocationInfo.swift in Sources */,
				67627755283A4C77009C203F /* JournalEntriesList.swift in Sources */,
				67B78716281D8006008B104F /* SportsGroundsMapViewModel.swift in Sources */,
				671D7DEC28210D2F0068E728 /* EmptyContentView.swift in Sources */,
				6773111A2965FFAA003CD13A /* PreviewContent.swift in Sources */,
				679F3B072969D4E200BB3590 /* IncognitoUserButton.swift in Sources */,
				675EC653281445E500C2E229 /* MapViewUI.swift in Sources */,
				6798AA59280AF4B100DB76F1 /* SportsGroundsMapView.swift in Sources */,
				6798AA68280B23B700DB76F1 /* UserDetailsView.swift in Sources */,
				67B78712281D654C008B104F /* DefaultsService.swift in Sources */,
				67419ACF282E70B9004F5339 /* SportsGroundsListView.swift in Sources */,
				67EA685C2A71A99700697C88 /* PhotoDetailScreen.swift in Sources */,
				6705E7EE283B703400DABCC8 /* JournalSettingsView.swift in Sources */,
				6798AA40280AEDC900DB76F1 /* RootView.swift in Sources */,
				675EC64F2814126800C2E229 /* TextEntryView.swift in Sources */,
				674D0623282A9896007E75C6 /* SearchUsersView.swift in Sources */,
				6747575628113419002F0A24 /* ChangePasswordView.swift in Sources */,
				67515699283FEC3100501346 /* PickedImagesGrid.swift in Sources */,
				675E5618297D21D400B4981A /* Array+.swift in Sources */,
				67FBF64F28338A2E008A7968 /* EventDetailsView.swift in Sources */,
				6766A036284603CA0033F1E8 /* TabViewModel.swift in Sources */,
				67D916862838F0DD0098D3CB /* DialogView.swift in Sources */,
				67627750283A3A54009C203F /* JournalsListView.swift in Sources */,
				67891E38283E947B00B10802 /* SportsGroundFormView.swift in Sources */,
				674D061B28280A63007E75C6 /* FriendRequestsView.swift in Sources */,
				6798AA3E280AEDC900DB76F1 /* SwiftUI_WorkoutAppApp.swift in Sources */,
				6798AA57280AF48C00DB76F1 /* JournalsScreen.swift in Sources */,
				675EC6632815AA4A00C2E229 /* MapSnapshotView.swift in Sources */,
				67D916812838E2460098D3CB /* DialogListView.swift in Sources */,
				6798AA53280AF43900DB76F1 /* EventsListView.swift in Sources */,
				670CA19E280E8F09003914A3 /* SettingsView.swift in Sources */,
				6762775B283A87AD009C203F /* JournalCell.swift in Sources */,
				6798AA84280C0F7D00DB76F1 /* EditAccountScreen.swift in Sources */,
				6798AA73280B43FE00DB76F1 /* LoginView.swift in Sources */,
				6758463B2965B0F6000BA5E0 /* UIImage+Identifiable.swift in Sources */,
				67D9169628396C1E0098D3CB /* SendMessageView.swift in Sources */,
				6747575928128603002F0A24 /* SportsGroundDetailView.swift in Sources */,
				675EC6572815433600C2E229 /* UsersListView.swift in Sources */,
				675EC65F2815532800C2E229 /* EventFormView.swift in Sources */,
			);
			runOnlyForDeploymentPostprocessing = 0;
		};
/* End PBXSourcesBuildPhase section */

/* Begin PBXTargetDependency section */
		67138D8B297311BD00BBF450 /* PBXTargetDependency */ = {
			isa = PBXTargetDependency;
			target = 6798AA39280AEDC900DB76F1 /* SwiftUI-WorkoutApp */;
			targetProxy = 67138D8A297311BD00BBF450 /* PBXContainerItemProxy */;
		};
		675083AF297C0A60008D8C52 /* PBXTargetDependency */ = {
			isa = PBXTargetDependency;
			target = 6798AA39280AEDC900DB76F1 /* SwiftUI-WorkoutApp */;
			targetProxy = 675083AE297C0A60008D8C52 /* PBXContainerItemProxy */;
		};
/* End PBXTargetDependency section */

/* Begin XCBuildConfiguration section */
		67138D8C297311BD00BBF450 /* Debug */ = {
			isa = XCBuildConfiguration;
			buildSettings = {
				CLANG_CXX_LANGUAGE_STANDARD = "gnu++20";
				CODE_SIGN_STYLE = Automatic;
				CURRENT_PROJECT_VERSION = 1;
				DEVELOPMENT_TEAM = 3PHS45582J;
				GENERATE_INFOPLIST_FILE = YES;
				IPHONEOS_DEPLOYMENT_TARGET = 15;
				MARKETING_VERSION = 1.0;
				MTL_ENABLE_DEBUG_INFO = INCLUDE_SOURCE;
				PRODUCT_BUNDLE_IDENTIFIER = com.oleg991.WorkoutAppUITests;
				PRODUCT_NAME = "$(TARGET_NAME)";
				SUPPORTED_PLATFORMS = "iphoneos iphonesimulator";
				SUPPORTS_MACCATALYST = NO;
				SUPPORTS_MAC_DESIGNED_FOR_IPHONE_IPAD = NO;
				SWIFT_EMIT_LOC_STRINGS = NO;
				SWIFT_VERSION = 5.0;
				TARGETED_DEVICE_FAMILY = 1;
				TEST_TARGET_NAME = "SwiftUI-WorkoutApp";
			};
			name = Debug;
		};
		67138D8D297311BD00BBF450 /* Release */ = {
			isa = XCBuildConfiguration;
			buildSettings = {
				CLANG_CXX_LANGUAGE_STANDARD = "gnu++20";
				CODE_SIGN_STYLE = Automatic;
				CURRENT_PROJECT_VERSION = 1;
				DEVELOPMENT_TEAM = 3PHS45582J;
				GENERATE_INFOPLIST_FILE = YES;
				IPHONEOS_DEPLOYMENT_TARGET = 15;
				MARKETING_VERSION = 1.0;
				PRODUCT_BUNDLE_IDENTIFIER = com.oleg991.WorkoutAppUITests;
				PRODUCT_NAME = "$(TARGET_NAME)";
				SUPPORTED_PLATFORMS = "iphoneos iphonesimulator";
				SUPPORTS_MACCATALYST = NO;
				SUPPORTS_MAC_DESIGNED_FOR_IPHONE_IPAD = NO;
				SWIFT_EMIT_LOC_STRINGS = NO;
				SWIFT_VERSION = 5.0;
				TARGETED_DEVICE_FAMILY = 1;
				TEST_TARGET_NAME = "SwiftUI-WorkoutApp";
			};
			name = Release;
		};
		675083B0297C0A60008D8C52 /* Debug */ = {
			isa = XCBuildConfiguration;
			buildSettings = {
				BUNDLE_LOADER = "$(TEST_HOST)";
				CLANG_CXX_LANGUAGE_STANDARD = "gnu++20";
				CODE_SIGN_STYLE = Automatic;
				CURRENT_PROJECT_VERSION = 1;
				DEVELOPMENT_TEAM = 3PHS45582J;
				GENERATE_INFOPLIST_FILE = YES;
				IPHONEOS_DEPLOYMENT_TARGET = 15.0;
				MARKETING_VERSION = 1.0;
				MTL_ENABLE_DEBUG_INFO = INCLUDE_SOURCE;
				PRODUCT_BUNDLE_IDENTIFIER = com.oleg991.WorkoutAppTests;
				PRODUCT_NAME = "$(TARGET_NAME)";
				SUPPORTED_PLATFORMS = "iphoneos iphonesimulator";
				SUPPORTS_MACCATALYST = NO;
				SUPPORTS_MAC_DESIGNED_FOR_IPHONE_IPAD = NO;
				SWIFT_EMIT_LOC_STRINGS = NO;
				SWIFT_VERSION = 5.0;
				TARGETED_DEVICE_FAMILY = 1;
				TEST_HOST = "$(BUILT_PRODUCTS_DIR)/WorkoutApp.app/$(BUNDLE_EXECUTABLE_FOLDER_PATH)/WorkoutApp";
			};
			name = Debug;
		};
		675083B1297C0A60008D8C52 /* Release */ = {
			isa = XCBuildConfiguration;
			buildSettings = {
				BUNDLE_LOADER = "$(TEST_HOST)";
				CLANG_CXX_LANGUAGE_STANDARD = "gnu++20";
				CODE_SIGN_STYLE = Automatic;
				CURRENT_PROJECT_VERSION = 1;
				DEVELOPMENT_TEAM = 3PHS45582J;
				GENERATE_INFOPLIST_FILE = YES;
				IPHONEOS_DEPLOYMENT_TARGET = 15.0;
				MARKETING_VERSION = 1.0;
				PRODUCT_BUNDLE_IDENTIFIER = com.oleg991.WorkoutAppTests;
				PRODUCT_NAME = "$(TARGET_NAME)";
				SUPPORTED_PLATFORMS = "iphoneos iphonesimulator";
				SUPPORTS_MACCATALYST = NO;
				SUPPORTS_MAC_DESIGNED_FOR_IPHONE_IPAD = NO;
				SWIFT_EMIT_LOC_STRINGS = NO;
				SWIFT_VERSION = 5.0;
				TARGETED_DEVICE_FAMILY = 1;
				TEST_HOST = "$(BUILT_PRODUCTS_DIR)/WorkoutApp.app/$(BUNDLE_EXECUTABLE_FOLDER_PATH)/WorkoutApp";
			};
			name = Release;
		};
		6798AA46280AEDCA00DB76F1 /* Debug */ = {
			isa = XCBuildConfiguration;
			buildSettings = {
				ALWAYS_SEARCH_USER_PATHS = NO;
				ASSETCATALOG_COMPILER_GENERATE_SWIFT_ASSET_SYMBOL_EXTENSIONS = YES;
				CLANG_ANALYZER_LOCALIZABILITY_NONLOCALIZED = YES;
				CLANG_ANALYZER_NONNULL = YES;
				CLANG_ANALYZER_NUMBER_OBJECT_CONVERSION = YES_AGGRESSIVE;
				CLANG_CXX_LANGUAGE_STANDARD = "gnu++17";
				CLANG_ENABLE_MODULES = YES;
				CLANG_ENABLE_OBJC_ARC = YES;
				CLANG_ENABLE_OBJC_WEAK = YES;
				CLANG_WARN_BLOCK_CAPTURE_AUTORELEASING = YES;
				CLANG_WARN_BOOL_CONVERSION = YES;
				CLANG_WARN_COMMA = YES;
				CLANG_WARN_CONSTANT_CONVERSION = YES;
				CLANG_WARN_DEPRECATED_OBJC_IMPLEMENTATIONS = YES;
				CLANG_WARN_DIRECT_OBJC_ISA_USAGE = YES_ERROR;
				CLANG_WARN_DOCUMENTATION_COMMENTS = YES;
				CLANG_WARN_EMPTY_BODY = YES;
				CLANG_WARN_ENUM_CONVERSION = YES;
				CLANG_WARN_INFINITE_RECURSION = YES;
				CLANG_WARN_INT_CONVERSION = YES;
				CLANG_WARN_NON_LITERAL_NULL_CONVERSION = YES;
				CLANG_WARN_OBJC_IMPLICIT_RETAIN_SELF = YES;
				CLANG_WARN_OBJC_LITERAL_CONVERSION = YES;
				CLANG_WARN_OBJC_ROOT_CLASS = YES_ERROR;
				CLANG_WARN_QUOTED_INCLUDE_IN_FRAMEWORK_HEADER = YES;
				CLANG_WARN_RANGE_LOOP_ANALYSIS = YES;
				CLANG_WARN_STRICT_PROTOTYPES = YES;
				CLANG_WARN_SUSPICIOUS_MOVE = YES;
				CLANG_WARN_UNGUARDED_AVAILABILITY = YES_AGGRESSIVE;
				CLANG_WARN_UNREACHABLE_CODE = YES;
				CLANG_WARN__DUPLICATE_METHOD_MATCH = YES;
				COPY_PHASE_STRIP = NO;
				DEBUG_ACTIVITY_MODE = disable;
				DEBUG_INFORMATION_FORMAT = dwarf;
				ENABLE_STRICT_OBJC_MSGSEND = YES;
				ENABLE_TESTABILITY = YES;
				ENABLE_USER_SCRIPT_SANDBOXING = YES;
				GCC_C_LANGUAGE_STANDARD = gnu11;
				GCC_DYNAMIC_NO_PIC = NO;
				GCC_NO_COMMON_BLOCKS = YES;
				GCC_OPTIMIZATION_LEVEL = 0;
				GCC_PREPROCESSOR_DEFINITIONS = (
					"DEBUG=1",
					"$(inherited)",
				);
				GCC_WARN_64_TO_32_BIT_CONVERSION = YES;
				GCC_WARN_ABOUT_RETURN_TYPE = YES_ERROR;
				GCC_WARN_UNDECLARED_SELECTOR = YES;
				GCC_WARN_UNINITIALIZED_AUTOS = YES_AGGRESSIVE;
				GCC_WARN_UNUSED_FUNCTION = YES;
				GCC_WARN_UNUSED_VARIABLE = YES;
				IPHONEOS_DEPLOYMENT_TARGET = 15.0;
				LOCALIZATION_PREFERS_STRING_CATALOGS = YES;
				MTL_ENABLE_DEBUG_INFO = NO;
				MTL_FAST_MATH = YES;
				ONLY_ACTIVE_ARCH = YES;
				SDKROOT = iphoneos;
				SWIFT_ACTIVE_COMPILATION_CONDITIONS = DEBUG;
				SWIFT_OPTIMIZATION_LEVEL = "-Onone";
			};
			name = Debug;
		};
		6798AA47280AEDCA00DB76F1 /* Release */ = {
			isa = XCBuildConfiguration;
			buildSettings = {
				ALWAYS_SEARCH_USER_PATHS = NO;
				ASSETCATALOG_COMPILER_GENERATE_SWIFT_ASSET_SYMBOL_EXTENSIONS = YES;
				CLANG_ANALYZER_LOCALIZABILITY_NONLOCALIZED = YES;
				CLANG_ANALYZER_NONNULL = YES;
				CLANG_ANALYZER_NUMBER_OBJECT_CONVERSION = YES_AGGRESSIVE;
				CLANG_CXX_LANGUAGE_STANDARD = "gnu++17";
				CLANG_ENABLE_MODULES = YES;
				CLANG_ENABLE_OBJC_ARC = YES;
				CLANG_ENABLE_OBJC_WEAK = YES;
				CLANG_WARN_BLOCK_CAPTURE_AUTORELEASING = YES;
				CLANG_WARN_BOOL_CONVERSION = YES;
				CLANG_WARN_COMMA = YES;
				CLANG_WARN_CONSTANT_CONVERSION = YES;
				CLANG_WARN_DEPRECATED_OBJC_IMPLEMENTATIONS = YES;
				CLANG_WARN_DIRECT_OBJC_ISA_USAGE = YES_ERROR;
				CLANG_WARN_DOCUMENTATION_COMMENTS = YES;
				CLANG_WARN_EMPTY_BODY = YES;
				CLANG_WARN_ENUM_CONVERSION = YES;
				CLANG_WARN_INFINITE_RECURSION = YES;
				CLANG_WARN_INT_CONVERSION = YES;
				CLANG_WARN_NON_LITERAL_NULL_CONVERSION = YES;
				CLANG_WARN_OBJC_IMPLICIT_RETAIN_SELF = YES;
				CLANG_WARN_OBJC_LITERAL_CONVERSION = YES;
				CLANG_WARN_OBJC_ROOT_CLASS = YES_ERROR;
				CLANG_WARN_QUOTED_INCLUDE_IN_FRAMEWORK_HEADER = YES;
				CLANG_WARN_RANGE_LOOP_ANALYSIS = YES;
				CLANG_WARN_STRICT_PROTOTYPES = YES;
				CLANG_WARN_SUSPICIOUS_MOVE = YES;
				CLANG_WARN_UNGUARDED_AVAILABILITY = YES_AGGRESSIVE;
				CLANG_WARN_UNREACHABLE_CODE = YES;
				CLANG_WARN__DUPLICATE_METHOD_MATCH = YES;
				COPY_PHASE_STRIP = NO;
				DEBUG_ACTIVITY_MODE = "";
				DEBUG_INFORMATION_FORMAT = "dwarf-with-dsym";
				ENABLE_NS_ASSERTIONS = NO;
				ENABLE_STRICT_OBJC_MSGSEND = YES;
				ENABLE_USER_SCRIPT_SANDBOXING = YES;
				GCC_C_LANGUAGE_STANDARD = gnu11;
				GCC_NO_COMMON_BLOCKS = YES;
				GCC_WARN_64_TO_32_BIT_CONVERSION = YES;
				GCC_WARN_ABOUT_RETURN_TYPE = YES_ERROR;
				GCC_WARN_UNDECLARED_SELECTOR = YES;
				GCC_WARN_UNINITIALIZED_AUTOS = YES_AGGRESSIVE;
				GCC_WARN_UNUSED_FUNCTION = YES;
				GCC_WARN_UNUSED_VARIABLE = YES;
				IPHONEOS_DEPLOYMENT_TARGET = 15.0;
				LOCALIZATION_PREFERS_STRING_CATALOGS = YES;
				MTL_ENABLE_DEBUG_INFO = NO;
				MTL_FAST_MATH = YES;
				SDKROOT = iphoneos;
				SWIFT_COMPILATION_MODE = wholemodule;
				SWIFT_OPTIMIZATION_LEVEL = "-O";
				VALIDATE_PRODUCT = YES;
			};
			name = Release;
		};
		6798AA49280AEDCA00DB76F1 /* Debug */ = {
			isa = XCBuildConfiguration;
			buildSettings = {
				ASSETCATALOG_COMPILER_APPICON_NAME = AppIcon;
				ASSETCATALOG_COMPILER_GLOBAL_ACCENT_COLOR_NAME = AccentColor;
				CODE_SIGN_STYLE = Automatic;
				CURRENT_PROJECT_VERSION = 1;
				DEVELOPMENT_ASSET_PATHS = "SwiftUI-WorkoutApp/Preview\\ Content/PreviewContent.swift SwiftUI-WorkoutApp/Preview\\ Content";
				DEVELOPMENT_TEAM = CR68PP2Z3F;
				ENABLE_PREVIEWS = YES;
				GENERATE_INFOPLIST_FILE = YES;
				INFOPLIST_FILE = "SwiftUI-WorkoutApp/Resources/Info.plist";
				INFOPLIST_KEY_CFBundleDisplayName = "SW Площадки";
				INFOPLIST_KEY_NSLocationWhenInUseUsageDescription = "Для отображения спортивных площадок поблизости";
				INFOPLIST_KEY_UIApplicationSceneManifest_Generation = YES;
				INFOPLIST_KEY_UIApplicationSupportsIndirectInputEvents = YES;
				INFOPLIST_KEY_UILaunchScreen_Generation = YES;
				INFOPLIST_KEY_UILaunchStoryboardName = LaunchScreen;
				INFOPLIST_KEY_UISupportedInterfaceOrientations = UIInterfaceOrientationPortrait;
				IPHONEOS_DEPLOYMENT_TARGET = 15.0;
				LD_RUNPATH_SEARCH_PATHS = (
					"$(inherited)",
					"@executable_path/Frameworks",
				);
				MARKETING_VERSION = 3.3.4;
				PRODUCT_BUNDLE_IDENTIFIER = com.FGU.WorkOut;
				PRODUCT_NAME = WorkoutApp;
				SUPPORTED_PLATFORMS = "iphoneos iphonesimulator";
				SUPPORTS_MACCATALYST = NO;
				SUPPORTS_MAC_DESIGNED_FOR_IPHONE_IPAD = NO;
				SWIFT_EMIT_LOC_STRINGS = YES;
				SWIFT_VERSION = 5.0;
				TARGETED_DEVICE_FAMILY = 1;
			};
			name = Debug;
		};
		6798AA4A280AEDCA00DB76F1 /* Release */ = {
			isa = XCBuildConfiguration;
			buildSettings = {
				ASSETCATALOG_COMPILER_APPICON_NAME = AppIcon;
				ASSETCATALOG_COMPILER_GLOBAL_ACCENT_COLOR_NAME = AccentColor;
				CODE_SIGN_STYLE = Automatic;
				CURRENT_PROJECT_VERSION = 1;
				DEVELOPMENT_ASSET_PATHS = "SwiftUI-WorkoutApp/Preview\\ Content/PreviewContent.swift SwiftUI-WorkoutApp/Preview\\ Content";
				DEVELOPMENT_TEAM = CR68PP2Z3F;
				ENABLE_PREVIEWS = YES;
				GENERATE_INFOPLIST_FILE = YES;
				INFOPLIST_FILE = "SwiftUI-WorkoutApp/Resources/Info.plist";
				INFOPLIST_KEY_CFBundleDisplayName = "SW Площадки";
				INFOPLIST_KEY_NSLocationWhenInUseUsageDescription = "Для отображения спортивных площадок поблизости";
				INFOPLIST_KEY_UIApplicationSceneManifest_Generation = YES;
				INFOPLIST_KEY_UIApplicationSupportsIndirectInputEvents = YES;
				INFOPLIST_KEY_UILaunchScreen_Generation = YES;
				INFOPLIST_KEY_UILaunchStoryboardName = LaunchScreen;
				INFOPLIST_KEY_UISupportedInterfaceOrientations = UIInterfaceOrientationPortrait;
				IPHONEOS_DEPLOYMENT_TARGET = 15.0;
				LD_RUNPATH_SEARCH_PATHS = (
					"$(inherited)",
					"@executable_path/Frameworks",
				);
				MARKETING_VERSION = 3.3.4;
				PRODUCT_BUNDLE_IDENTIFIER = com.FGU.WorkOut;
				PRODUCT_NAME = WorkoutApp;
				SUPPORTED_PLATFORMS = "iphoneos iphonesimulator";
				SUPPORTS_MACCATALYST = NO;
				SUPPORTS_MAC_DESIGNED_FOR_IPHONE_IPAD = NO;
				SWIFT_EMIT_LOC_STRINGS = YES;
				SWIFT_VERSION = 5.0;
				TARGETED_DEVICE_FAMILY = 1;
			};
			name = Release;
		};
/* End XCBuildConfiguration section */

/* Begin XCConfigurationList section */
		67138D8E297311BD00BBF450 /* Build configuration list for PBXNativeTarget "WorkoutAppUITests" */ = {
			isa = XCConfigurationList;
			buildConfigurations = (
				67138D8C297311BD00BBF450 /* Debug */,
				67138D8D297311BD00BBF450 /* Release */,
			);
			defaultConfigurationIsVisible = 0;
			defaultConfigurationName = Release;
		};
		675083B2297C0A60008D8C52 /* Build configuration list for PBXNativeTarget "WorkoutAppTests" */ = {
			isa = XCConfigurationList;
			buildConfigurations = (
				675083B0297C0A60008D8C52 /* Debug */,
				675083B1297C0A60008D8C52 /* Release */,
			);
			defaultConfigurationIsVisible = 0;
			defaultConfigurationName = Release;
		};
		6798AA35280AEDC900DB76F1 /* Build configuration list for PBXProject "SwiftUI-WorkoutApp" */ = {
			isa = XCConfigurationList;
			buildConfigurations = (
				6798AA46280AEDCA00DB76F1 /* Debug */,
				6798AA47280AEDCA00DB76F1 /* Release */,
			);
			defaultConfigurationIsVisible = 0;
			defaultConfigurationName = Release;
		};
		6798AA48280AEDCA00DB76F1 /* Build configuration list for PBXNativeTarget "SwiftUI-WorkoutApp" */ = {
			isa = XCConfigurationList;
			buildConfigurations = (
				6798AA49280AEDCA00DB76F1 /* Debug */,
				6798AA4A280AEDCA00DB76F1 /* Release */,
			);
			defaultConfigurationIsVisible = 0;
			defaultConfigurationName = Release;
		};
/* End XCConfigurationList section */

/* Begin XCRemoteSwiftPackageReference section */
		6704314F2964544D0090CAC3 /* XCRemoteSwiftPackageReference "FeedbackSender" */ = {
			isa = XCRemoteSwiftPackageReference;
			repositoryURL = "https://github.com/OlegEremenko991/FeedbackSender";
			requirement = {
				kind = upToNextMajorVersion;
				minimumVersion = 1.0.0;
			};
		};
		67CB32CF297BE0F8009380DF /* XCRemoteSwiftPackageReference "NetworkStatus" */ = {
			isa = XCRemoteSwiftPackageReference;
			repositoryURL = "https://github.com/OlegEremenko991/NetworkStatus";
			requirement = {
				kind = upToNextMajorVersion;
				minimumVersion = 1.0.0;
			};
		};
		67F9534D2964A5700077DFDC /* XCRemoteSwiftPackageReference "ImagePicker" */ = {
			isa = XCRemoteSwiftPackageReference;
			repositoryURL = "https://github.com/OlegEremenko991/ImagePicker";
			requirement = {
				kind = upToNextMajorVersion;
				minimumVersion = 1.0.0;
			};
		};
/* End XCRemoteSwiftPackageReference section */

/* Begin XCSwiftPackageProductDependency section */
		670431502964544D0090CAC3 /* FeedbackSender */ = {
			isa = XCSwiftPackageProductDependency;
			package = 6704314F2964544D0090CAC3 /* XCRemoteSwiftPackageReference "FeedbackSender" */;
			productName = FeedbackSender;
		};
		671CD13829A2904200645678 /* SWModels */ = {
			isa = XCSwiftPackageProductDependency;
			productName = SWModels;
		};
		6734D39329BC69580000B5B1 /* DesignSystem */ = {
			isa = XCSwiftPackageProductDependency;
			productName = DesignSystem;
		};
		675A37092854810B00DAE071 /* Utils */ = {
			isa = XCSwiftPackageProductDependency;
			productName = Utils;
		};
		678E3B1B2ACDEFFA00977EEC /* SWNetworkClient */ = {
			isa = XCSwiftPackageProductDependency;
			productName = SWNetworkClient;
		};
		67CB32D0297BE0F8009380DF /* NetworkStatus */ = {
			isa = XCSwiftPackageProductDependency;
			package = 67CB32CF297BE0F8009380DF /* XCRemoteSwiftPackageReference "NetworkStatus" */;
			productName = NetworkStatus;
		};
		67CB32D3297BE872009380DF /* DateFormatterService */ = {
			isa = XCSwiftPackageProductDependency;
			productName = DateFormatterService;
		};
		67F9534E2964A5700077DFDC /* ImagePicker */ = {
			isa = XCSwiftPackageProductDependency;
			package = 67F9534D2964A5700077DFDC /* XCRemoteSwiftPackageReference "ImagePicker" */;
			productName = ImagePicker;
		};
		67FE5584297BF82000DC52BF /* ShortAddressService */ = {
			isa = XCSwiftPackageProductDependency;
			productName = ShortAddressService;
		};
/* End XCSwiftPackageProductDependency section */
	};
	rootObject = 6798AA32280AEDC900DB76F1 /* Project object */;
}
