// !$*UTF8*$!
{
	archiveVersion = 1;
	classes = {
	};
	objectVersion = 55;
	objects = {

/* Begin PBXBuildFile section */
		670CA19A280D5583003914A3 /* TextWithCheckmark.swift in Sources */ = {isa = PBXBuildFile; fileRef = 670CA199280D5583003914A3 /* TextWithCheckmark.swift */; };
		6798AA3E280AEDC900DB76F1 /* SwiftUI_WorkoutAppApp.swift in Sources */ = {isa = PBXBuildFile; fileRef = 6798AA3D280AEDC900DB76F1 /* SwiftUI_WorkoutAppApp.swift */; };
		6798AA40280AEDC900DB76F1 /* ContentView.swift in Sources */ = {isa = PBXBuildFile; fileRef = 6798AA3F280AEDC900DB76F1 /* ContentView.swift */; };
		6798AA42280AEDCA00DB76F1 /* Assets.xcassets in Resources */ = {isa = PBXBuildFile; fileRef = 6798AA41280AEDCA00DB76F1 /* Assets.xcassets */; };
		6798AA45280AEDCA00DB76F1 /* Preview Assets.xcassets in Resources */ = {isa = PBXBuildFile; fileRef = 6798AA44280AEDCA00DB76F1 /* Preview Assets.xcassets */; };
		6798AA4C280AF1C200DB76F1 /* LaunchScreen.storyboard in Resources */ = {isa = PBXBuildFile; fileRef = 6798AA4B280AF1C200DB76F1 /* LaunchScreen.storyboard */; };
		6798AA4E280AF32A00DB76F1 /* SportsGroundsResponse.swift in Sources */ = {isa = PBXBuildFile; fileRef = 6798AA4D280AF32A00DB76F1 /* SportsGroundsResponse.swift */; };
		6798AA53280AF43900DB76F1 /* EventsView.swift in Sources */ = {isa = PBXBuildFile; fileRef = 6798AA52280AF43900DB76F1 /* EventsView.swift */; };
		6798AA55280AF46300DB76F1 /* MessagesView.swift in Sources */ = {isa = PBXBuildFile; fileRef = 6798AA54280AF46300DB76F1 /* MessagesView.swift */; };
		6798AA57280AF48C00DB76F1 /* JournalsView.swift in Sources */ = {isa = PBXBuildFile; fileRef = 6798AA56280AF48C00DB76F1 /* JournalsView.swift */; };
		6798AA59280AF4B100DB76F1 /* SportsGroundsView.swift in Sources */ = {isa = PBXBuildFile; fileRef = 6798AA58280AF4B100DB76F1 /* SportsGroundsView.swift */; };
		6798AA5B280AF4C700DB76F1 /* ProfileView.swift in Sources */ = {isa = PBXBuildFile; fileRef = 6798AA5A280AF4C700DB76F1 /* ProfileView.swift */; };
		6798AA5D280AF5E500DB76F1 /* Constants.swift in Sources */ = {isa = PBXBuildFile; fileRef = 6798AA5C280AF5E500DB76F1 /* Constants.swift */; };
		6798AA61280B136800DB76F1 /* AppState.swift in Sources */ = {isa = PBXBuildFile; fileRef = 6798AA60280B136800DB76F1 /* AppState.swift */; };
		6798AA64280B1F0900DB76F1 /* WelcomeAuthView.swift in Sources */ = {isa = PBXBuildFile; fileRef = 6798AA63280B1F0900DB76F1 /* WelcomeAuthView.swift */; };
		6798AA66280B232F00DB76F1 /* IncognitoProfileView.swift in Sources */ = {isa = PBXBuildFile; fileRef = 6798AA65280B232F00DB76F1 /* IncognitoProfileView.swift */; };
		6798AA68280B23B700DB76F1 /* UserProfileView.swift in Sources */ = {isa = PBXBuildFile; fileRef = 6798AA67280B23B700DB76F1 /* UserProfileView.swift */; };
		6798AA6E280B2E5800DB76F1 /* AdaptiveRoundedRectangle.swift in Sources */ = {isa = PBXBuildFile; fileRef = 6798AA6D280B2E5800DB76F1 /* AdaptiveRoundedRectangle.swift */; };
		6798AA70280B42BC00DB76F1 /* WelcomeLoginButtonTitle.swift in Sources */ = {isa = PBXBuildFile; fileRef = 6798AA6F280B42BC00DB76F1 /* WelcomeLoginButtonTitle.swift */; };
		6798AA73280B43FE00DB76F1 /* LoginView.swift in Sources */ = {isa = PBXBuildFile; fileRef = 6798AA72280B43FE00DB76F1 /* LoginView.swift */; };
		6798AA78280BE8E200DB76F1 /* classes.json in Resources */ = {isa = PBXBuildFile; fileRef = 6798AA74280BE8E200DB76F1 /* classes.json */; };
		6798AA79280BE8E200DB76F1 /* countries.json in Resources */ = {isa = PBXBuildFile; fileRef = 6798AA75280BE8E200DB76F1 /* countries.json */; };
		6798AA7A280BE8E200DB76F1 /* types.json in Resources */ = {isa = PBXBuildFile; fileRef = 6798AA76280BE8E200DB76F1 /* types.json */; };
		6798AA7B280BE8E200DB76F1 /* areas.json in Resources */ = {isa = PBXBuildFile; fileRef = 6798AA77280BE8E200DB76F1 /* areas.json */; };
		6798AA7E280BF13100DB76F1 /* Localizable.strings in Resources */ = {isa = PBXBuildFile; fileRef = 6798AA80280BF13100DB76F1 /* Localizable.strings */; };
		6798AA84280C0F7D00DB76F1 /* CreateAccountView.swift in Sources */ = {isa = PBXBuildFile; fileRef = 6798AA83280C0F7D00DB76F1 /* CreateAccountView.swift */; };
		6798AA86280C135E00DB76F1 /* CountryElement.swift in Sources */ = {isa = PBXBuildFile; fileRef = 6798AA85280C135E00DB76F1 /* CountryElement.swift */; };
		6798AA88280C14B800DB76F1 /* Bundle+.swift in Sources */ = {isa = PBXBuildFile; fileRef = 6798AA87280C14B800DB76F1 /* Bundle+.swift */; };
		6798AA8C280C390F00DB76F1 /* CountriesView.swift in Sources */ = {isa = PBXBuildFile; fileRef = 6798AA8B280C390F00DB76F1 /* CountriesView.swift */; };
		6798AA8E280C3CCB00DB76F1 /* CitiesView.swift in Sources */ = {isa = PBXBuildFile; fileRef = 6798AA8D280C3CCB00DB76F1 /* CitiesView.swift */; };
/* End PBXBuildFile section */

/* Begin PBXFileReference section */
		670CA199280D5583003914A3 /* TextWithCheckmark.swift */ = {isa = PBXFileReference; lastKnownFileType = sourcecode.swift; path = TextWithCheckmark.swift; sourceTree = "<group>"; };
		6798AA3A280AEDC900DB76F1 /* WorkoutApp.app */ = {isa = PBXFileReference; explicitFileType = wrapper.application; includeInIndex = 0; path = WorkoutApp.app; sourceTree = BUILT_PRODUCTS_DIR; };
		6798AA3D280AEDC900DB76F1 /* SwiftUI_WorkoutAppApp.swift */ = {isa = PBXFileReference; lastKnownFileType = sourcecode.swift; path = SwiftUI_WorkoutAppApp.swift; sourceTree = "<group>"; };
		6798AA3F280AEDC900DB76F1 /* ContentView.swift */ = {isa = PBXFileReference; lastKnownFileType = sourcecode.swift; path = ContentView.swift; sourceTree = "<group>"; };
		6798AA41280AEDCA00DB76F1 /* Assets.xcassets */ = {isa = PBXFileReference; lastKnownFileType = folder.assetcatalog; path = Assets.xcassets; sourceTree = "<group>"; };
		6798AA44280AEDCA00DB76F1 /* Preview Assets.xcassets */ = {isa = PBXFileReference; lastKnownFileType = folder.assetcatalog; path = "Preview Assets.xcassets"; sourceTree = "<group>"; };
		6798AA4B280AF1C200DB76F1 /* LaunchScreen.storyboard */ = {isa = PBXFileReference; lastKnownFileType = file.storyboard; path = LaunchScreen.storyboard; sourceTree = "<group>"; };
		6798AA4D280AF32A00DB76F1 /* SportsGroundsResponse.swift */ = {isa = PBXFileReference; lastKnownFileType = sourcecode.swift; path = SportsGroundsResponse.swift; sourceTree = "<group>"; };
		6798AA52280AF43900DB76F1 /* EventsView.swift */ = {isa = PBXFileReference; lastKnownFileType = sourcecode.swift; path = EventsView.swift; sourceTree = "<group>"; };
		6798AA54280AF46300DB76F1 /* MessagesView.swift */ = {isa = PBXFileReference; lastKnownFileType = sourcecode.swift; path = MessagesView.swift; sourceTree = "<group>"; };
		6798AA56280AF48C00DB76F1 /* JournalsView.swift */ = {isa = PBXFileReference; lastKnownFileType = sourcecode.swift; path = JournalsView.swift; sourceTree = "<group>"; };
		6798AA58280AF4B100DB76F1 /* SportsGroundsView.swift */ = {isa = PBXFileReference; lastKnownFileType = sourcecode.swift; path = SportsGroundsView.swift; sourceTree = "<group>"; };
		6798AA5A280AF4C700DB76F1 /* ProfileView.swift */ = {isa = PBXFileReference; lastKnownFileType = sourcecode.swift; path = ProfileView.swift; sourceTree = "<group>"; };
		6798AA5C280AF5E500DB76F1 /* Constants.swift */ = {isa = PBXFileReference; lastKnownFileType = sourcecode.swift; path = Constants.swift; sourceTree = "<group>"; };
		6798AA60280B136800DB76F1 /* AppState.swift */ = {isa = PBXFileReference; lastKnownFileType = sourcecode.swift; path = AppState.swift; sourceTree = "<group>"; };
		6798AA63280B1F0900DB76F1 /* WelcomeAuthView.swift */ = {isa = PBXFileReference; lastKnownFileType = sourcecode.swift; path = WelcomeAuthView.swift; sourceTree = "<group>"; };
		6798AA65280B232F00DB76F1 /* IncognitoProfileView.swift */ = {isa = PBXFileReference; lastKnownFileType = sourcecode.swift; path = IncognitoProfileView.swift; sourceTree = "<group>"; };
		6798AA67280B23B700DB76F1 /* UserProfileView.swift */ = {isa = PBXFileReference; lastKnownFileType = sourcecode.swift; path = UserProfileView.swift; sourceTree = "<group>"; };
		6798AA6D280B2E5800DB76F1 /* AdaptiveRoundedRectangle.swift */ = {isa = PBXFileReference; lastKnownFileType = sourcecode.swift; path = AdaptiveRoundedRectangle.swift; sourceTree = "<group>"; };
		6798AA6F280B42BC00DB76F1 /* WelcomeLoginButtonTitle.swift */ = {isa = PBXFileReference; lastKnownFileType = sourcecode.swift; path = WelcomeLoginButtonTitle.swift; sourceTree = "<group>"; };
		6798AA72280B43FE00DB76F1 /* LoginView.swift */ = {isa = PBXFileReference; lastKnownFileType = sourcecode.swift; path = LoginView.swift; sourceTree = "<group>"; };
		6798AA74280BE8E200DB76F1 /* classes.json */ = {isa = PBXFileReference; fileEncoding = 4; lastKnownFileType = text.json; path = classes.json; sourceTree = "<group>"; };
		6798AA75280BE8E200DB76F1 /* countries.json */ = {isa = PBXFileReference; fileEncoding = 4; lastKnownFileType = text.json; path = countries.json; sourceTree = "<group>"; };
		6798AA76280BE8E200DB76F1 /* types.json */ = {isa = PBXFileReference; fileEncoding = 4; lastKnownFileType = text.json; path = types.json; sourceTree = "<group>"; };
		6798AA77280BE8E200DB76F1 /* areas.json */ = {isa = PBXFileReference; fileEncoding = 4; lastKnownFileType = text.json; path = areas.json; sourceTree = "<group>"; };
		6798AA7F280BF13100DB76F1 /* en */ = {isa = PBXFileReference; lastKnownFileType = text.plist.strings; name = en; path = en.lproj/Localizable.strings; sourceTree = "<group>"; };
		6798AA81280BF14500DB76F1 /* ru */ = {isa = PBXFileReference; lastKnownFileType = text.plist.strings; name = ru; path = ru.lproj/Localizable.strings; sourceTree = "<group>"; };
		6798AA83280C0F7D00DB76F1 /* CreateAccountView.swift */ = {isa = PBXFileReference; lastKnownFileType = sourcecode.swift; path = CreateAccountView.swift; sourceTree = "<group>"; };
		6798AA85280C135E00DB76F1 /* CountryElement.swift */ = {isa = PBXFileReference; lastKnownFileType = sourcecode.swift; path = CountryElement.swift; sourceTree = "<group>"; };
		6798AA87280C14B800DB76F1 /* Bundle+.swift */ = {isa = PBXFileReference; lastKnownFileType = sourcecode.swift; path = "Bundle+.swift"; sourceTree = "<group>"; };
		6798AA8B280C390F00DB76F1 /* CountriesView.swift */ = {isa = PBXFileReference; lastKnownFileType = sourcecode.swift; path = CountriesView.swift; sourceTree = "<group>"; };
		6798AA8D280C3CCB00DB76F1 /* CitiesView.swift */ = {isa = PBXFileReference; lastKnownFileType = sourcecode.swift; path = CitiesView.swift; sourceTree = "<group>"; };
/* End PBXFileReference section */

/* Begin PBXFrameworksBuildPhase section */
		6798AA37280AEDC900DB76F1 /* Frameworks */ = {
			isa = PBXFrameworksBuildPhase;
			buildActionMask = 2147483647;
			files = (
			);
			runOnlyForDeploymentPostprocessing = 0;
		};
/* End PBXFrameworksBuildPhase section */

/* Begin PBXGroup section */
		6798AA31280AEDC900DB76F1 = {
			isa = PBXGroup;
			children = (
				6798AA3C280AEDC900DB76F1 /* SwiftUI-WorkoutApp */,
				6798AA3B280AEDC900DB76F1 /* Products */,
			);
			sourceTree = "<group>";
		};
		6798AA3B280AEDC900DB76F1 /* Products */ = {
			isa = PBXGroup;
			children = (
				6798AA3A280AEDC900DB76F1 /* WorkoutApp.app */,
			);
			name = Products;
			sourceTree = "<group>";
		};
		6798AA3C280AEDC900DB76F1 /* SwiftUI-WorkoutApp */ = {
			isa = PBXGroup;
			children = (
				6798AA62280B1A5A00DB76F1 /* Injected */,
				6798AA5F280AF61700DB76F1 /* Models */,
				6798AA4F280AF3F300DB76F1 /* UI */,
				6798AA5E280AF5F900DB76F1 /* Support */,
				6798AA5C280AF5E500DB76F1 /* Constants.swift */,
				6798AA3D280AEDC900DB76F1 /* SwiftUI_WorkoutAppApp.swift */,
				6798AA43280AEDCA00DB76F1 /* Preview Content */,
			);
			path = "SwiftUI-WorkoutApp";
			sourceTree = "<group>";
		};
		6798AA43280AEDCA00DB76F1 /* Preview Content */ = {
			isa = PBXGroup;
			children = (
				6798AA44280AEDCA00DB76F1 /* Preview Assets.xcassets */,
			);
			path = "Preview Content";
			sourceTree = "<group>";
		};
		6798AA4F280AF3F300DB76F1 /* UI */ = {
			isa = PBXGroup;
			children = (
				6798AA3F280AEDC900DB76F1 /* ContentView.swift */,
				6798AA52280AF43900DB76F1 /* EventsView.swift */,
				6798AA54280AF46300DB76F1 /* MessagesView.swift */,
				6798AA56280AF48C00DB76F1 /* JournalsView.swift */,
				6798AA58280AF4B100DB76F1 /* SportsGroundsView.swift */,
				6798AA6A280B277600DB76F1 /* Components */,
				6798AA82280BF52600DB76F1 /* WelcomeLogin */,
				6798AA69280B23BF00DB76F1 /* Profile */,
			);
			path = UI;
			sourceTree = "<group>";
		};
		6798AA5E280AF5F900DB76F1 /* Support */ = {
			isa = PBXGroup;
			children = (
				6798AA75280BE8E200DB76F1 /* countries.json */,
				6798AA74280BE8E200DB76F1 /* classes.json */,
				6798AA76280BE8E200DB76F1 /* types.json */,
				6798AA77280BE8E200DB76F1 /* areas.json */,
				6798AA4B280AF1C200DB76F1 /* LaunchScreen.storyboard */,
				6798AA41280AEDCA00DB76F1 /* Assets.xcassets */,
				6798AA80280BF13100DB76F1 /* Localizable.strings */,
				6798AA87280C14B800DB76F1 /* Bundle+.swift */,
			);
			path = Support;
			sourceTree = "<group>";
		};
		6798AA5F280AF61700DB76F1 /* Models */ = {
			isa = PBXGroup;
			children = (
				6798AA4D280AF32A00DB76F1 /* SportsGroundsResponse.swift */,
				6798AA85280C135E00DB76F1 /* CountryElement.swift */,
			);
			path = Models;
			sourceTree = "<group>";
		};
		6798AA62280B1A5A00DB76F1 /* Injected */ = {
			isa = PBXGroup;
			children = (
				6798AA60280B136800DB76F1 /* AppState.swift */,
			);
			path = Injected;
			sourceTree = "<group>";
		};
		6798AA69280B23BF00DB76F1 /* Profile */ = {
			isa = PBXGroup;
			children = (
				6798AA5A280AF4C700DB76F1 /* ProfileView.swift */,
				6798AA65280B232F00DB76F1 /* IncognitoProfileView.swift */,
				6798AA67280B23B700DB76F1 /* UserProfileView.swift */,
			);
			path = Profile;
			sourceTree = "<group>";
		};
		6798AA6A280B277600DB76F1 /* Components */ = {
			isa = PBXGroup;
			children = (
				6798AA6D280B2E5800DB76F1 /* AdaptiveRoundedRectangle.swift */,
				6798AA6F280B42BC00DB76F1 /* WelcomeLoginButtonTitle.swift */,
				670CA199280D5583003914A3 /* TextWithCheckmark.swift */,
			);
			path = Components;
			sourceTree = "<group>";
		};
		6798AA82280BF52600DB76F1 /* WelcomeLogin */ = {
			isa = PBXGroup;
			children = (
				6798AA63280B1F0900DB76F1 /* WelcomeAuthView.swift */,
				6798AA72280B43FE00DB76F1 /* LoginView.swift */,
				6798AA83280C0F7D00DB76F1 /* CreateAccountView.swift */,
				6798AA8B280C390F00DB76F1 /* CountriesView.swift */,
				6798AA8D280C3CCB00DB76F1 /* CitiesView.swift */,
			);
			path = WelcomeLogin;
			sourceTree = "<group>";
		};
/* End PBXGroup section */

/* Begin PBXNativeTarget section */
		6798AA39280AEDC900DB76F1 /* SwiftUI-WorkoutApp */ = {
			isa = PBXNativeTarget;
			buildConfigurationList = 6798AA48280AEDCA00DB76F1 /* Build configuration list for PBXNativeTarget "SwiftUI-WorkoutApp" */;
			buildPhases = (
				6798AA36280AEDC900DB76F1 /* Sources */,
				6798AA37280AEDC900DB76F1 /* Frameworks */,
				6798AA38280AEDC900DB76F1 /* Resources */,
			);
			buildRules = (
			);
			dependencies = (
			);
			name = "SwiftUI-WorkoutApp";
			productName = "SwiftUI-WorkoutApp";
			productReference = 6798AA3A280AEDC900DB76F1 /* WorkoutApp.app */;
			productType = "com.apple.product-type.application";
		};
/* End PBXNativeTarget section */

/* Begin PBXProject section */
		6798AA32280AEDC900DB76F1 /* Project object */ = {
			isa = PBXProject;
			attributes = {
				BuildIndependentTargetsInParallel = 1;
				LastSwiftUpdateCheck = 1330;
				LastUpgradeCheck = 1330;
				TargetAttributes = {
					6798AA39280AEDC900DB76F1 = {
						CreatedOnToolsVersion = 13.3.1;
					};
				};
			};
			buildConfigurationList = 6798AA35280AEDC900DB76F1 /* Build configuration list for PBXProject "SwiftUI-WorkoutApp" */;
			compatibilityVersion = "Xcode 13.0";
			developmentRegion = en;
			hasScannedForEncodings = 0;
			knownRegions = (
				en,
				Base,
				ru,
			);
			mainGroup = 6798AA31280AEDC900DB76F1;
			productRefGroup = 6798AA3B280AEDC900DB76F1 /* Products */;
			projectDirPath = "";
			projectRoot = "";
			targets = (
				6798AA39280AEDC900DB76F1 /* SwiftUI-WorkoutApp */,
			);
		};
/* End PBXProject section */

/* Begin PBXResourcesBuildPhase section */
		6798AA38280AEDC900DB76F1 /* Resources */ = {
			isa = PBXResourcesBuildPhase;
			buildActionMask = 2147483647;
			files = (
				6798AA4C280AF1C200DB76F1 /* LaunchScreen.storyboard in Resources */,
				6798AA7B280BE8E200DB76F1 /* areas.json in Resources */,
				6798AA78280BE8E200DB76F1 /* classes.json in Resources */,
				6798AA45280AEDCA00DB76F1 /* Preview Assets.xcassets in Resources */,
				6798AA79280BE8E200DB76F1 /* countries.json in Resources */,
				6798AA7E280BF13100DB76F1 /* Localizable.strings in Resources */,
				6798AA7A280BE8E200DB76F1 /* types.json in Resources */,
				6798AA42280AEDCA00DB76F1 /* Assets.xcassets in Resources */,
			);
			runOnlyForDeploymentPostprocessing = 0;
		};
/* End PBXResourcesBuildPhase section */

/* Begin PBXSourcesBuildPhase section */
		6798AA36280AEDC900DB76F1 /* Sources */ = {
			isa = PBXSourcesBuildPhase;
			buildActionMask = 2147483647;
			files = (
				6798AA5B280AF4C700DB76F1 /* ProfileView.swift in Sources */,
				6798AA55280AF46300DB76F1 /* MessagesView.swift in Sources */,
				6798AA4E280AF32A00DB76F1 /* SportsGroundsResponse.swift in Sources */,
				6798AA70280B42BC00DB76F1 /* WelcomeLoginButtonTitle.swift in Sources */,
				6798AA66280B232F00DB76F1 /* IncognitoProfileView.swift in Sources */,
				6798AA8E280C3CCB00DB76F1 /* CitiesView.swift in Sources */,
				670CA19A280D5583003914A3 /* TextWithCheckmark.swift in Sources */,
				6798AA59280AF4B100DB76F1 /* SportsGroundsView.swift in Sources */,
				6798AA68280B23B700DB76F1 /* UserProfileView.swift in Sources */,
				6798AA88280C14B800DB76F1 /* Bundle+.swift in Sources */,
				6798AA40280AEDC900DB76F1 /* ContentView.swift in Sources */,
				6798AA8C280C390F00DB76F1 /* CountriesView.swift in Sources */,
				6798AA64280B1F0900DB76F1 /* WelcomeAuthView.swift in Sources */,
				6798AA86280C135E00DB76F1 /* CountryElement.swift in Sources */,
				6798AA61280B136800DB76F1 /* AppState.swift in Sources */,
				6798AA3E280AEDC900DB76F1 /* SwiftUI_WorkoutAppApp.swift in Sources */,
				6798AA57280AF48C00DB76F1 /* JournalsView.swift in Sources */,
				6798AA53280AF43900DB76F1 /* EventsView.swift in Sources */,
				6798AA84280C0F7D00DB76F1 /* CreateAccountView.swift in Sources */,
				6798AA5D280AF5E500DB76F1 /* Constants.swift in Sources */,
				6798AA73280B43FE00DB76F1 /* LoginView.swift in Sources */,
				6798AA6E280B2E5800DB76F1 /* AdaptiveRoundedRectangle.swift in Sources */,
			);
			runOnlyForDeploymentPostprocessing = 0;
		};
/* End PBXSourcesBuildPhase section */

/* Begin PBXVariantGroup section */
		6798AA80280BF13100DB76F1 /* Localizable.strings */ = {
			isa = PBXVariantGroup;
			children = (
				6798AA7F280BF13100DB76F1 /* en */,
				6798AA81280BF14500DB76F1 /* ru */,
			);
			name = Localizable.strings;
			sourceTree = "<group>";
		};
/* End PBXVariantGroup section */

/* Begin XCBuildConfiguration section */
		6798AA46280AEDCA00DB76F1 /* Debug */ = {
			isa = XCBuildConfiguration;
			buildSettings = {
				ALWAYS_SEARCH_USER_PATHS = NO;
				CLANG_ANALYZER_LOCALIZABILITY_NONLOCALIZED = YES;
				CLANG_ANALYZER_NONNULL = YES;
				CLANG_ANALYZER_NUMBER_OBJECT_CONVERSION = YES_AGGRESSIVE;
				CLANG_CXX_LANGUAGE_STANDARD = "gnu++17";
				CLANG_ENABLE_MODULES = YES;
				CLANG_ENABLE_OBJC_ARC = YES;
				CLANG_ENABLE_OBJC_WEAK = YES;
				CLANG_WARN_BLOCK_CAPTURE_AUTORELEASING = YES;
				CLANG_WARN_BOOL_CONVERSION = YES;
				CLANG_WARN_COMMA = YES;
				CLANG_WARN_CONSTANT_CONVERSION = YES;
				CLANG_WARN_DEPRECATED_OBJC_IMPLEMENTATIONS = YES;
				CLANG_WARN_DIRECT_OBJC_ISA_USAGE = YES_ERROR;
				CLANG_WARN_DOCUMENTATION_COMMENTS = YES;
				CLANG_WARN_EMPTY_BODY = YES;
				CLANG_WARN_ENUM_CONVERSION = YES;
				CLANG_WARN_INFINITE_RECURSION = YES;
				CLANG_WARN_INT_CONVERSION = YES;
				CLANG_WARN_NON_LITERAL_NULL_CONVERSION = YES;
				CLANG_WARN_OBJC_IMPLICIT_RETAIN_SELF = YES;
				CLANG_WARN_OBJC_LITERAL_CONVERSION = YES;
				CLANG_WARN_OBJC_ROOT_CLASS = YES_ERROR;
				CLANG_WARN_QUOTED_INCLUDE_IN_FRAMEWORK_HEADER = YES;
				CLANG_WARN_RANGE_LOOP_ANALYSIS = YES;
				CLANG_WARN_STRICT_PROTOTYPES = YES;
				CLANG_WARN_SUSPICIOUS_MOVE = YES;
				CLANG_WARN_UNGUARDED_AVAILABILITY = YES_AGGRESSIVE;
				CLANG_WARN_UNREACHABLE_CODE = YES;
				CLANG_WARN__DUPLICATE_METHOD_MATCH = YES;
				COPY_PHASE_STRIP = NO;
				DEBUG_INFORMATION_FORMAT = dwarf;
				ENABLE_STRICT_OBJC_MSGSEND = YES;
				ENABLE_TESTABILITY = YES;
				GCC_C_LANGUAGE_STANDARD = gnu11;
				GCC_DYNAMIC_NO_PIC = NO;
				GCC_NO_COMMON_BLOCKS = YES;
				GCC_OPTIMIZATION_LEVEL = 0;
				GCC_PREPROCESSOR_DEFINITIONS = (
					"DEBUG=1",
					"$(inherited)",
				);
				GCC_WARN_64_TO_32_BIT_CONVERSION = YES;
				GCC_WARN_ABOUT_RETURN_TYPE = YES_ERROR;
				GCC_WARN_UNDECLARED_SELECTOR = YES;
				GCC_WARN_UNINITIALIZED_AUTOS = YES_AGGRESSIVE;
				GCC_WARN_UNUSED_FUNCTION = YES;
				GCC_WARN_UNUSED_VARIABLE = YES;
				IPHONEOS_DEPLOYMENT_TARGET = 14.0;
				MTL_ENABLE_DEBUG_INFO = INCLUDE_SOURCE;
				MTL_FAST_MATH = YES;
				ONLY_ACTIVE_ARCH = YES;
				SDKROOT = iphoneos;
				SWIFT_ACTIVE_COMPILATION_CONDITIONS = DEBUG;
				SWIFT_OPTIMIZATION_LEVEL = "-Onone";
			};
			name = Debug;
		};
		6798AA47280AEDCA00DB76F1 /* Release */ = {
			isa = XCBuildConfiguration;
			buildSettings = {
				ALWAYS_SEARCH_USER_PATHS = NO;
				CLANG_ANALYZER_LOCALIZABILITY_NONLOCALIZED = YES;
				CLANG_ANALYZER_NONNULL = YES;
				CLANG_ANALYZER_NUMBER_OBJECT_CONVERSION = YES_AGGRESSIVE;
				CLANG_CXX_LANGUAGE_STANDARD = "gnu++17";
				CLANG_ENABLE_MODULES = YES;
				CLANG_ENABLE_OBJC_ARC = YES;
				CLANG_ENABLE_OBJC_WEAK = YES;
				CLANG_WARN_BLOCK_CAPTURE_AUTORELEASING = YES;
				CLANG_WARN_BOOL_CONVERSION = YES;
				CLANG_WARN_COMMA = YES;
				CLANG_WARN_CONSTANT_CONVERSION = YES;
				CLANG_WARN_DEPRECATED_OBJC_IMPLEMENTATIONS = YES;
				CLANG_WARN_DIRECT_OBJC_ISA_USAGE = YES_ERROR;
				CLANG_WARN_DOCUMENTATION_COMMENTS = YES;
				CLANG_WARN_EMPTY_BODY = YES;
				CLANG_WARN_ENUM_CONVERSION = YES;
				CLANG_WARN_INFINITE_RECURSION = YES;
				CLANG_WARN_INT_CONVERSION = YES;
				CLANG_WARN_NON_LITERAL_NULL_CONVERSION = YES;
				CLANG_WARN_OBJC_IMPLICIT_RETAIN_SELF = YES;
				CLANG_WARN_OBJC_LITERAL_CONVERSION = YES;
				CLANG_WARN_OBJC_ROOT_CLASS = YES_ERROR;
				CLANG_WARN_QUOTED_INCLUDE_IN_FRAMEWORK_HEADER = YES;
				CLANG_WARN_RANGE_LOOP_ANALYSIS = YES;
				CLANG_WARN_STRICT_PROTOTYPES = YES;
				CLANG_WARN_SUSPICIOUS_MOVE = YES;
				CLANG_WARN_UNGUARDED_AVAILABILITY = YES_AGGRESSIVE;
				CLANG_WARN_UNREACHABLE_CODE = YES;
				CLANG_WARN__DUPLICATE_METHOD_MATCH = YES;
				COPY_PHASE_STRIP = NO;
				DEBUG_INFORMATION_FORMAT = "dwarf-with-dsym";
				ENABLE_NS_ASSERTIONS = NO;
				ENABLE_STRICT_OBJC_MSGSEND = YES;
				GCC_C_LANGUAGE_STANDARD = gnu11;
				GCC_NO_COMMON_BLOCKS = YES;
				GCC_WARN_64_TO_32_BIT_CONVERSION = YES;
				GCC_WARN_ABOUT_RETURN_TYPE = YES_ERROR;
				GCC_WARN_UNDECLARED_SELECTOR = YES;
				GCC_WARN_UNINITIALIZED_AUTOS = YES_AGGRESSIVE;
				GCC_WARN_UNUSED_FUNCTION = YES;
				GCC_WARN_UNUSED_VARIABLE = YES;
				IPHONEOS_DEPLOYMENT_TARGET = 14.0;
				MTL_ENABLE_DEBUG_INFO = NO;
				MTL_FAST_MATH = YES;
				SDKROOT = iphoneos;
				SWIFT_COMPILATION_MODE = wholemodule;
				SWIFT_OPTIMIZATION_LEVEL = "-O";
				VALIDATE_PRODUCT = YES;
			};
			name = Release;
		};
		6798AA49280AEDCA00DB76F1 /* Debug */ = {
			isa = XCBuildConfiguration;
			buildSettings = {
				ASSETCATALOG_COMPILER_APPICON_NAME = AppIcon;
				ASSETCATALOG_COMPILER_GLOBAL_ACCENT_COLOR_NAME = AccentColor;
				CODE_SIGN_STYLE = Automatic;
				CURRENT_PROJECT_VERSION = 1;
				DEVELOPMENT_ASSET_PATHS = "\"SwiftUI-WorkoutApp/Preview Content\"";
				DEVELOPMENT_TEAM = 3PHS45582J;
				ENABLE_PREVIEWS = YES;
				GENERATE_INFOPLIST_FILE = YES;
				INFOPLIST_KEY_UIApplicationSceneManifest_Generation = YES;
				INFOPLIST_KEY_UIApplicationSupportsIndirectInputEvents = YES;
				INFOPLIST_KEY_UILaunchScreen_Generation = YES;
				INFOPLIST_KEY_UILaunchStoryboardName = LaunchScreen;
				INFOPLIST_KEY_UISupportedInterfaceOrientations = UIInterfaceOrientationPortrait;
				INFOPLIST_KEY_UISupportedInterfaceOrientations_iPad = "UIInterfaceOrientationPortrait UIInterfaceOrientationPortraitUpsideDown UIInterfaceOrientationLandscapeLeft UIInterfaceOrientationLandscapeRight";
				INFOPLIST_KEY_UISupportedInterfaceOrientations_iPhone = "UIInterfaceOrientationPortrait UIInterfaceOrientationLandscapeLeft UIInterfaceOrientationLandscapeRight";
				IPHONEOS_DEPLOYMENT_TARGET = 15.0;
				LD_RUNPATH_SEARCH_PATHS = (
					"$(inherited)",
					"@executable_path/Frameworks",
				);
				MARKETING_VERSION = 1.0;
				PRODUCT_BUNDLE_IDENTIFIER = "com.oleg991.SwiftUI-WorkoutApp";
				PRODUCT_NAME = WorkoutApp;
				SWIFT_EMIT_LOC_STRINGS = YES;
				SWIFT_VERSION = 5.0;
				TARGETED_DEVICE_FAMILY = 1;
			};
			name = Debug;
		};
		6798AA4A280AEDCA00DB76F1 /* Release */ = {
			isa = XCBuildConfiguration;
			buildSettings = {
				ASSETCATALOG_COMPILER_APPICON_NAME = AppIcon;
				ASSETCATALOG_COMPILER_GLOBAL_ACCENT_COLOR_NAME = AccentColor;
				CODE_SIGN_STYLE = Automatic;
				CURRENT_PROJECT_VERSION = 1;
				DEVELOPMENT_ASSET_PATHS = "\"SwiftUI-WorkoutApp/Preview Content\"";
				DEVELOPMENT_TEAM = 3PHS45582J;
				ENABLE_PREVIEWS = YES;
				GENERATE_INFOPLIST_FILE = YES;
				INFOPLIST_KEY_UIApplicationSceneManifest_Generation = YES;
				INFOPLIST_KEY_UIApplicationSupportsIndirectInputEvents = YES;
				INFOPLIST_KEY_UILaunchScreen_Generation = YES;
				INFOPLIST_KEY_UILaunchStoryboardName = LaunchScreen;
				INFOPLIST_KEY_UISupportedInterfaceOrientations = UIInterfaceOrientationPortrait;
				INFOPLIST_KEY_UISupportedInterfaceOrientations_iPad = "UIInterfaceOrientationPortrait UIInterfaceOrientationPortraitUpsideDown UIInterfaceOrientationLandscapeLeft UIInterfaceOrientationLandscapeRight";
				INFOPLIST_KEY_UISupportedInterfaceOrientations_iPhone = "UIInterfaceOrientationPortrait UIInterfaceOrientationLandscapeLeft UIInterfaceOrientationLandscapeRight";
				IPHONEOS_DEPLOYMENT_TARGET = 15.0;
				LD_RUNPATH_SEARCH_PATHS = (
					"$(inherited)",
					"@executable_path/Frameworks",
				);
				MARKETING_VERSION = 1.0;
				PRODUCT_BUNDLE_IDENTIFIER = "com.oleg991.SwiftUI-WorkoutApp";
				PRODUCT_NAME = WorkoutApp;
				SWIFT_EMIT_LOC_STRINGS = YES;
				SWIFT_VERSION = 5.0;
				TARGETED_DEVICE_FAMILY = 1;
			};
			name = Release;
		};
/* End XCBuildConfiguration section */

/* Begin XCConfigurationList section */
		6798AA35280AEDC900DB76F1 /* Build configuration list for PBXProject "SwiftUI-WorkoutApp" */ = {
			isa = XCConfigurationList;
			buildConfigurations = (
				6798AA46280AEDCA00DB76F1 /* Debug */,
				6798AA47280AEDCA00DB76F1 /* Release */,
			);
			defaultConfigurationIsVisible = 0;
			defaultConfigurationName = Release;
		};
		6798AA48280AEDCA00DB76F1 /* Build configuration list for PBXNativeTarget "SwiftUI-WorkoutApp" */ = {
			isa = XCConfigurationList;
			buildConfigurations = (
				6798AA49280AEDCA00DB76F1 /* Debug */,
				6798AA4A280AEDCA00DB76F1 /* Release */,
			);
			defaultConfigurationIsVisible = 0;
			defaultConfigurationName = Release;
		};
/* End XCConfigurationList section */
	};
	rootObject = 6798AA32280AEDC900DB76F1 /* Project object */;
}
